
Microsoft Visual Studio Solution File, Format Version 12.00
# Visual Studio 14
VisualStudioVersion = 14.0.25420.1
MinimumVisualStudioVersion = 10.0.40219.1
Project("{2150E333-8FDC-42A3-9474-1A3956D46DE8}") = "dotnetcore", "dotnetcore", "{76F9CF46-6695-4C09-963B-8F90CEDFAA01}"
EndProject
Project("{2150E333-8FDC-42A3-9474-1A3956D46DE8}") = "WebApi.OData", "WebApi.OData", "{32659F3D-0F20-4421-B9E7-46F048E80EF2}"
EndProject
Project("{2150E333-8FDC-42A3-9474-1A3956D46DE8}") = "Console", "Console", "{471EF880-8F4B-455C-8D34-36BCB4076E9F}"
EndProject
Project("{8BB2217D-0F2D-49D1-97BC-3654ED321F3B}") = "NetCoreConsole", "NetCoreConsole\NetCoreConsole.xproj", "{8F954AEA-368E-42C6-B363-04D74F5A082A}"
EndProject
Project("{FAE04EC0-301F-11D3-BF4B-00C04F79EFBC}") = "Resources", "Resources\Resources.csproj", "{FB53299D-F1E3-4134-BB10-265CDD426CC1}"
EndProject
Project("{8BB2217D-0F2D-49D1-97BC-3654ED321F3B}") = "aspnetcoreWebApp", "aspnetcoreWebApp\aspnetcoreWebApp.xproj", "{B14D0D7B-D1B1-42E9-8CBF-5713BE649E04}"
EndProject
Project("{8BB2217D-0F2D-49D1-97BC-3654ED321F3B}") = "aspnetcoreWebApi", "aspnetcoreWebApi\aspnetcoreWebApi.xproj", "{4AFFD57D-C23E-427E-95C2-C01320C98B13}"
EndProject
Project("{FAE04EC0-301F-11D3-BF4B-00C04F79EFBC}") = "OdataServer", "OdataServer\OdataServer.csproj", "{728537C3-B1DF-49C1-ACBC-5FCE06CA75BA}"
EndProject
Project("{FAE04EC0-301F-11D3-BF4B-00C04F79EFBC}") = "OdataClient", "OdataClient\OdataClient.csproj", "{695CA484-AA4D-4600-A73D-6FCD2DC34C26}"
EndProject
Project("{FAE04EC0-301F-11D3-BF4B-00C04F79EFBC}") = "OdataClientConsoleApp", "OdataClientConsoleApp\OdataClientConsoleApp.csproj", "{99E673CD-4973-4D7E-9055-3ACBDD578F43}"
EndProject
Project("{2150E333-8FDC-42A3-9474-1A3956D46DE8}") = "MVC.EF", "MVC.EF", "{650D187A-EFE7-4E93-826C-31A04315A7EC}"
EndProject
Project("{2150E333-8FDC-42A3-9474-1A3956D46DE8}") = "DDD", "DDD", "{399FE3A8-7FCC-4043-8ED9-B1E53293EF4A}"
EndProject
Project("{2150E333-8FDC-42A3-9474-1A3956D46DE8}") = "peak.EStore", "peak.EStore", "{23B55CF5-460A-4F61-BDEF-AF16C2C06194}"
EndProject
Project("{FAE04EC0-301F-11D3-BF4B-00C04F79EFBC}") = "Peak.EStore.Infrastructure", "EStore\Peak.EStore.Infrastructure\Peak.EStore.Infrastructure.csproj", "{41CBE53B-56E8-4D07-BE81-F054A4F9AF79}"
EndProject
Project("{FAE04EC0-301F-11D3-BF4B-00C04F79EFBC}") = "Peak.EStore.Repository", "EStore\Peak.EStore.Repository\Peak.EStore.Repository.csproj", "{C4B9ED7F-1437-4C5C-8BCE-DF99496A297C}"
EndProject
Project("{FAE04EC0-301F-11D3-BF4B-00C04F79EFBC}") = "Peak.EStore.Repository.Dapper", "EStore\Peak.EStore.Repository.Dapper\Peak.EStore.Repository.Dapper.csproj", "{05A6A85F-B31D-4AE8-BB01-ABA8107B455B}"
EndProject
Project("{FAE04EC0-301F-11D3-BF4B-00C04F79EFBC}") = "Peak.EStore.Repository.EF", "EStore\Peak.EStore.Repository.EF\Peak.EStore.Repository.EF.csproj", "{F4CC4970-C37B-4120-9C03-D876BB4BE09E}"
EndProject
Project("{FAE04EC0-301F-11D3-BF4B-00C04F79EFBC}") = "Peak.EStore.Repository.NHibernate", "EStore\Peak.EStore.Repository.NHibernate\Peak.EStore.Repository.NHibernate.csproj", "{5D7D9BE5-6E9D-4DDC-8687-D312FF47C548}"
EndProject
Project("{FAE04EC0-301F-11D3-BF4B-00C04F79EFBC}") = "Peak.EStore.Repository.SqlHelper", "EStore\Peak.EStore.Repository.SqlHelper\Peak.EStore.Repository.SqlHelper.csproj", "{8C9CB213-8BD4-4FAD-AD6C-655B7079E032}"
EndProject
Project("{FAE04EC0-301F-11D3-BF4B-00C04F79EFBC}") = "Peak.EStore.Domains", "EStore\Peak.EStore.Domains\Peak.EStore.Domains.csproj", "{09593975-349C-4C31-ACA4-3EE83B4CF26F}"
EndProject
Project("{FAE04EC0-301F-11D3-BF4B-00C04F79EFBC}") = "Peak.EStore.ApplicationServices", "EStore\Peak.EStore.ApplicationServices\Peak.EStore.ApplicationServices.csproj", "{50BE4F4D-DD4F-4618-8B7D-169AC7B32645}"
EndProject
Project("{2150E333-8FDC-42A3-9474-1A3956D46DE8}") = "Peak.EStore.Clients", "Peak.EStore.Clients", "{9586919A-9F29-4665-B4AF-2BA09248224B}"
EndProject
Project("{FAE04EC0-301F-11D3-BF4B-00C04F79EFBC}") = "Peak.EStore.Clients.ConsoleApp", "EStore\Peak.EStore.Clients.ConsoleApp\Peak.EStore.Clients.ConsoleApp.csproj", "{14FE5347-44F6-4201-B18A-88A3E51BCA6B}"
EndProject
Project("{FAE04EC0-301F-11D3-BF4B-00C04F79EFBC}") = "MVCWebApp", "mvc\MVCWebApp\MVCWebApp.csproj", "{6A7839B1-E486-47BF-B582-AA7C2D2B381B}"
EndProject
Project("{2150E333-8FDC-42A3-9474-1A3956D46DE8}") = "Tools", "Tools", "{C95CBEEB-0AFE-4E9D-8604-E08E2E892DF5}"
EndProject
Project("{FAE04EC0-301F-11D3-BF4B-00C04F79EFBC}") = "ToolsWebForm", "Tools\ToolsWebForm\ToolsWebForm.csproj", "{0CC95513-66AE-4BCB-AA1A-C8F62E28BE13}"
EndProject
Project("{2150E333-8FDC-42A3-9474-1A3956D46DE8}") = "TDD", "TDD", "{0BA1B4E9-8EBF-475A-9088-7971927E00DE}"
EndProject
Project("{FAE04EC0-301F-11D3-BF4B-00C04F79EFBC}") = "Console", "TDD\Console\Console.csproj", "{F576AA13-E0A8-42DF-A8D3-930E47DE7671}"
EndProject
Project("{FAE04EC0-301F-11D3-BF4B-00C04F79EFBC}") = "UnitTest", "TDD\UnitTest\UnitTest.csproj", "{DF423118-9A24-4A3F-A562-87A7B2E59F36}"
EndProject
Project("{2150E333-8FDC-42A3-9474-1A3956D46DE8}") = "1. HighConcurrency", "1. HighConcurrency", "{EEDC2535-4D0B-486B-A1EC-CC15B913D5F4}"
EndProject
Project("{FAE04EC0-301F-11D3-BF4B-00C04F79EFBC}") = "ConsoleAppConcurency", "ConsoleAppConcurency\ConsoleAppConcurency.csproj", "{2B02971F-49C6-4758-99A8-8E7861ACE47E}"
EndProject
Project("{2150E333-8FDC-42A3-9474-1A3956D46DE8}") = "2. AOP", "2. AOP", "{BE1EA99F-D04E-4442-923A-CAA43AA0CFBD}"
EndProject
Project("{2150E333-8FDC-42A3-9474-1A3956D46DE8}") = "3.Read Write Data", "3.Read Write Data", "{034D9687-3753-404B-A0D4-D846A8245A19}"
EndProject
Project("{FAE04EC0-301F-11D3-BF4B-00C04F79EFBC}") = "Client", "Client\Client.csproj", "{4BEACB51-8583-474B-875F-F634780C1633}"
EndProject
Project("{FAE04EC0-301F-11D3-BF4B-00C04F79EFBC}") = "Domain", "Domain\Domain.csproj", "{29802783-7915-41C6-8033-4C1DE562C02D}"
EndProject
Project("{FAE04EC0-301F-11D3-BF4B-00C04F79EFBC}") = "Data", "Data\Data.csproj", "{22108689-B27E-477A-B9F7-3221F56CDC86}"
EndProject
Project("{FAE04EC0-301F-11D3-BF4B-00C04F79EFBC}") = "Service", "Service\Service.csproj", "{7EEA8903-D675-45FA-9EB1-702AB4EA5F57}"
EndProject
Project("{FAE04EC0-301F-11D3-BF4B-00C04F79EFBC}") = "ReadWriteUnitTest", "ReadWriteUnitTest\ReadWriteUnitTest.csproj", "{2A08AE15-0BEA-418D-AD20-935EB93481DF}"
EndProject
Project("{FAE04EC0-301F-11D3-BF4B-00C04F79EFBC}") = "Peak.Utilities", "Peak.Utilities\Peak.Utilities.csproj", "{C0345E3F-9CB7-4370-A927-84D6CFCE902C}"
EndProject
Project("{FAE04EC0-301F-11D3-BF4B-00C04F79EFBC}") = "Peak.Infrastructure", "Peak.Infrastructure\Peak.Infrastructure.csproj", "{A4722EBC-6993-40AB-BC5D-AD747D068049}"
EndProject
Project("{2150E333-8FDC-42A3-9474-1A3956D46DE8}") = "4. T4", "4. T4", "{9EED8B09-7871-4E88-AD6A-548355C494F1}"
EndProject
Project("{FAE04EC0-301F-11D3-BF4B-00C04F79EFBC}") = "ConsoleT4", "ConsoleT4\ConsoleT4.csproj", "{76A28803-E450-4273-AE7E-77F77C3C7F57}"
EndProject
Project("{2150E333-8FDC-42A3-9474-1A3956D46DE8}") = "5. CSV", "5. CSV", "{210C4050-1874-4676-B20B-5F3252F5ACFF}"
EndProject
Project("{FAE04EC0-301F-11D3-BF4B-00C04F79EFBC}") = "ConsoleCSV", "ConsoleCSV\ConsoleCSV.csproj", "{878D4F71-9CF2-4183-88AA-154443F212DA}"
EndProject
Project("{FAE04EC0-301F-11D3-BF4B-00C04F79EFBC}") = "CSVUnitTest", "CSVUnitTest\CSVUnitTest.csproj", "{B819EE9D-49D6-42FA-9A45-E8632C680323}"
EndProject
Project("{2150E333-8FDC-42A3-9474-1A3956D46DE8}") = "A. FrontEnd", "A. FrontEnd", "{14625145-6100-4880-9134-CF02849D87AA}"
EndProject
Project("{FAE04EC0-301F-11D3-BF4B-00C04F79EFBC}") = "WebUI", "WebUI\WebUI.csproj", "{EC3985F5-FFB4-463E-BADC-7E6EEC30EFA8}"
EndProject
Project("{2150E333-8FDC-42A3-9474-1A3956D46DE8}") = "Demo", "Demo", "{9C821EAC-8CE3-4F81-9331-DE52A4E970C8}"
EndProject
Project("{FAE04EC0-301F-11D3-BF4B-00C04F79EFBC}") = "ConsoleApp", "ConsoleApp\ConsoleApp.csproj", "{9132807F-8779-4A8C-BF78-B1A6A6DB7B19}"
	ProjectSection(ProjectDependencies) = postProject
		{297B495D-35DE-4521-A14C-2023262692BE} = {297B495D-35DE-4521-A14C-2023262692BE}
	EndProjectSection
EndProject
Project("{FAE04EC0-301F-11D3-BF4B-00C04F79EFBC}") = "WebAppmvc", "WebAppmvc\WebAppmvc.csproj", "{573E4988-98CC-4904-821B-A08596A053E7}"
EndProject
Project("{FAE04EC0-301F-11D3-BF4B-00C04F79EFBC}") = "WcfService", "WcfService\WcfService.csproj", "{529B6737-1852-4012-B267-CCC060E59D3D}"
EndProject
Project("{FAE04EC0-301F-11D3-BF4B-00C04F79EFBC}") = "WebServiceApp", "WebServiceApp\WebServiceApp.csproj", "{297B495D-35DE-4521-A14C-2023262692BE}"
EndProject
Project("{FAE04EC0-301F-11D3-BF4B-00C04F79EFBC}") = "RelatedDoc", "RelatedDoc\RelatedDoc.csproj", "{83725185-AA77-4AF2-82EA-A9001B0CB154}"
EndProject
Project("{FAE04EC0-301F-11D3-BF4B-00C04F79EFBC}") = "TestWebServiceConsole", "TestWebServiceConsole\TestWebServiceConsole.csproj", "{53A83928-27FA-4FFF-B6E1-A8D88DE5ACD6}"
	ProjectSection(ProjectDependencies) = postProject
		{297B495D-35DE-4521-A14C-2023262692BE} = {297B495D-35DE-4521-A14C-2023262692BE}
	EndProjectSection
EndProject
Project("{FAE04EC0-301F-11D3-BF4B-00C04F79EFBC}") = "WebApi", "WebApi\WebApi.csproj", "{62528E57-EA3B-4A35-889C-888BE1A047EF}"
EndProject
Project("{FAE04EC0-301F-11D3-BF4B-00C04F79EFBC}") = "WebApi.Tests", "WebApi.Tests\WebApi.Tests.csproj", "{040E15DE-5BFF-49D0-9465-490498E69E08}"
EndProject
Project("{2150E333-8FDC-42A3-9474-1A3956D46DE8}") = "Protocols", "Protocols", "{99266FB4-3291-44D8-B26A-E5F90128BCF3}"
EndProject
Project("{FAE04EC0-301F-11D3-BF4B-00C04F79EFBC}") = "WcfServiceLibrary", "WcfServiceLibrary\WcfServiceLibrary.csproj", "{229214DA-A6C4-40C1-9C7D-1188289B85F4}"
EndProject
Project("{2150E333-8FDC-42A3-9474-1A3956D46DE8}") = "WCF", "WCF", "{C56C3D59-2944-4425-88DC-36D92B0C08F1}"
EndProject
Project("{FAE04EC0-301F-11D3-BF4B-00C04F79EFBC}") = "WCFHost", "WCFHost\WCFHost.csproj", "{3FA44D1F-8B9E-4D52-BB12-DAE9C6B2C513}"
EndProject
Project("{FAE04EC0-301F-11D3-BF4B-00C04F79EFBC}") = "WCFClient", "WCFClient\WCFClient.csproj", "{758D99A1-953F-4F38-9DE7-18F48BC2B312}"
	ProjectSection(ProjectDependencies) = postProject
		{529B6737-1852-4012-B267-CCC060E59D3D} = {529B6737-1852-4012-B267-CCC060E59D3D}
	EndProjectSection
EndProject
Project("{FAE04EC0-301F-11D3-BF4B-00C04F79EFBC}") = "WebServiceClient", "WebServiceClient\WebServiceClient.csproj", "{41875D6B-6E9C-46DA-88A9-A9AC32BD328F}"
EndProject
Project("{FAE04EC0-301F-11D3-BF4B-00C04F79EFBC}") = "ThreadConsole", "ThreadConsole\ThreadConsole.csproj", "{29721588-BE4C-40A0-B34F-B864476128D8}"
EndProject
Project("{FAE04EC0-301F-11D3-BF4B-00C04F79EFBC}") = "WindowsFormsMutex", "WindowsFormsApplication1\WindowsFormsMutex.csproj", "{042F7B35-C5E7-47E8-AD24-A0AE455A7DFE}"
EndProject
Project("{FAE04EC0-301F-11D3-BF4B-00C04F79EFBC}") = "UnitTestNunit", "UnitTestNunit\UnitTestNunit.csproj", "{5AFD8C08-1D82-44C1-BFD3-6116FCE4BDA6}"
EndProject
Global
	GlobalSection(SolutionConfigurationPlatforms) = preSolution
		Debug|Any CPU = Debug|Any CPU
		Release|Any CPU = Release|Any CPU
	EndGlobalSection
	GlobalSection(ProjectConfigurationPlatforms) = postSolution
		{8F954AEA-368E-42C6-B363-04D74F5A082A}.Debug|Any CPU.ActiveCfg = Debug|Any CPU
		{8F954AEA-368E-42C6-B363-04D74F5A082A}.Debug|Any CPU.Build.0 = Debug|Any CPU
		{8F954AEA-368E-42C6-B363-04D74F5A082A}.Release|Any CPU.ActiveCfg = Release|Any CPU
		{8F954AEA-368E-42C6-B363-04D74F5A082A}.Release|Any CPU.Build.0 = Release|Any CPU
		{FB53299D-F1E3-4134-BB10-265CDD426CC1}.Debug|Any CPU.ActiveCfg = Debug|Any CPU
		{FB53299D-F1E3-4134-BB10-265CDD426CC1}.Debug|Any CPU.Build.0 = Debug|Any CPU
		{FB53299D-F1E3-4134-BB10-265CDD426CC1}.Release|Any CPU.ActiveCfg = Release|Any CPU
		{FB53299D-F1E3-4134-BB10-265CDD426CC1}.Release|Any CPU.Build.0 = Release|Any CPU
		{B14D0D7B-D1B1-42E9-8CBF-5713BE649E04}.Debug|Any CPU.ActiveCfg = Debug|Any CPU
		{B14D0D7B-D1B1-42E9-8CBF-5713BE649E04}.Debug|Any CPU.Build.0 = Debug|Any CPU
		{B14D0D7B-D1B1-42E9-8CBF-5713BE649E04}.Release|Any CPU.ActiveCfg = Release|Any CPU
		{B14D0D7B-D1B1-42E9-8CBF-5713BE649E04}.Release|Any CPU.Build.0 = Release|Any CPU
		{4AFFD57D-C23E-427E-95C2-C01320C98B13}.Debug|Any CPU.ActiveCfg = Debug|Any CPU
		{4AFFD57D-C23E-427E-95C2-C01320C98B13}.Debug|Any CPU.Build.0 = Debug|Any CPU
		{4AFFD57D-C23E-427E-95C2-C01320C98B13}.Release|Any CPU.ActiveCfg = Release|Any CPU
		{4AFFD57D-C23E-427E-95C2-C01320C98B13}.Release|Any CPU.Build.0 = Release|Any CPU
		{728537C3-B1DF-49C1-ACBC-5FCE06CA75BA}.Debug|Any CPU.ActiveCfg = Debug|Any CPU
		{728537C3-B1DF-49C1-ACBC-5FCE06CA75BA}.Debug|Any CPU.Build.0 = Debug|Any CPU
		{728537C3-B1DF-49C1-ACBC-5FCE06CA75BA}.Release|Any CPU.ActiveCfg = Release|Any CPU
		{728537C3-B1DF-49C1-ACBC-5FCE06CA75BA}.Release|Any CPU.Build.0 = Release|Any CPU
		{695CA484-AA4D-4600-A73D-6FCD2DC34C26}.Debug|Any CPU.ActiveCfg = Debug|Any CPU
		{695CA484-AA4D-4600-A73D-6FCD2DC34C26}.Debug|Any CPU.Build.0 = Debug|Any CPU
		{695CA484-AA4D-4600-A73D-6FCD2DC34C26}.Release|Any CPU.ActiveCfg = Release|Any CPU
		{695CA484-AA4D-4600-A73D-6FCD2DC34C26}.Release|Any CPU.Build.0 = Release|Any CPU
		{99E673CD-4973-4D7E-9055-3ACBDD578F43}.Debug|Any CPU.ActiveCfg = Debug|Any CPU
		{99E673CD-4973-4D7E-9055-3ACBDD578F43}.Debug|Any CPU.Build.0 = Debug|Any CPU
		{99E673CD-4973-4D7E-9055-3ACBDD578F43}.Release|Any CPU.ActiveCfg = Release|Any CPU
		{99E673CD-4973-4D7E-9055-3ACBDD578F43}.Release|Any CPU.Build.0 = Release|Any CPU
		{41CBE53B-56E8-4D07-BE81-F054A4F9AF79}.Debug|Any CPU.ActiveCfg = Debug|Any CPU
		{41CBE53B-56E8-4D07-BE81-F054A4F9AF79}.Debug|Any CPU.Build.0 = Debug|Any CPU
		{41CBE53B-56E8-4D07-BE81-F054A4F9AF79}.Release|Any CPU.ActiveCfg = Release|Any CPU
		{41CBE53B-56E8-4D07-BE81-F054A4F9AF79}.Release|Any CPU.Build.0 = Release|Any CPU
		{C4B9ED7F-1437-4C5C-8BCE-DF99496A297C}.Debug|Any CPU.ActiveCfg = Debug|Any CPU
		{C4B9ED7F-1437-4C5C-8BCE-DF99496A297C}.Debug|Any CPU.Build.0 = Debug|Any CPU
		{C4B9ED7F-1437-4C5C-8BCE-DF99496A297C}.Release|Any CPU.ActiveCfg = Release|Any CPU
		{C4B9ED7F-1437-4C5C-8BCE-DF99496A297C}.Release|Any CPU.Build.0 = Release|Any CPU
		{05A6A85F-B31D-4AE8-BB01-ABA8107B455B}.Debug|Any CPU.ActiveCfg = Debug|Any CPU
		{05A6A85F-B31D-4AE8-BB01-ABA8107B455B}.Debug|Any CPU.Build.0 = Debug|Any CPU
		{05A6A85F-B31D-4AE8-BB01-ABA8107B455B}.Release|Any CPU.ActiveCfg = Release|Any CPU
		{05A6A85F-B31D-4AE8-BB01-ABA8107B455B}.Release|Any CPU.Build.0 = Release|Any CPU
		{F4CC4970-C37B-4120-9C03-D876BB4BE09E}.Debug|Any CPU.ActiveCfg = Debug|Any CPU
		{F4CC4970-C37B-4120-9C03-D876BB4BE09E}.Debug|Any CPU.Build.0 = Debug|Any CPU
		{F4CC4970-C37B-4120-9C03-D876BB4BE09E}.Release|Any CPU.ActiveCfg = Release|Any CPU
		{F4CC4970-C37B-4120-9C03-D876BB4BE09E}.Release|Any CPU.Build.0 = Release|Any CPU
		{5D7D9BE5-6E9D-4DDC-8687-D312FF47C548}.Debug|Any CPU.ActiveCfg = Debug|Any CPU
		{5D7D9BE5-6E9D-4DDC-8687-D312FF47C548}.Debug|Any CPU.Build.0 = Debug|Any CPU
		{5D7D9BE5-6E9D-4DDC-8687-D312FF47C548}.Release|Any CPU.ActiveCfg = Release|Any CPU
		{5D7D9BE5-6E9D-4DDC-8687-D312FF47C548}.Release|Any CPU.Build.0 = Release|Any CPU
		{8C9CB213-8BD4-4FAD-AD6C-655B7079E032}.Debug|Any CPU.ActiveCfg = Debug|Any CPU
		{8C9CB213-8BD4-4FAD-AD6C-655B7079E032}.Debug|Any CPU.Build.0 = Debug|Any CPU
		{8C9CB213-8BD4-4FAD-AD6C-655B7079E032}.Release|Any CPU.ActiveCfg = Release|Any CPU
		{8C9CB213-8BD4-4FAD-AD6C-655B7079E032}.Release|Any CPU.Build.0 = Release|Any CPU
		{09593975-349C-4C31-ACA4-3EE83B4CF26F}.Debug|Any CPU.ActiveCfg = Debug|Any CPU
		{09593975-349C-4C31-ACA4-3EE83B4CF26F}.Debug|Any CPU.Build.0 = Debug|Any CPU
		{09593975-349C-4C31-ACA4-3EE83B4CF26F}.Release|Any CPU.ActiveCfg = Release|Any CPU
		{09593975-349C-4C31-ACA4-3EE83B4CF26F}.Release|Any CPU.Build.0 = Release|Any CPU
		{50BE4F4D-DD4F-4618-8B7D-169AC7B32645}.Debug|Any CPU.ActiveCfg = Debug|Any CPU
		{50BE4F4D-DD4F-4618-8B7D-169AC7B32645}.Debug|Any CPU.Build.0 = Debug|Any CPU
		{50BE4F4D-DD4F-4618-8B7D-169AC7B32645}.Release|Any CPU.ActiveCfg = Release|Any CPU
		{50BE4F4D-DD4F-4618-8B7D-169AC7B32645}.Release|Any CPU.Build.0 = Release|Any CPU
		{14FE5347-44F6-4201-B18A-88A3E51BCA6B}.Debug|Any CPU.ActiveCfg = Debug|Any CPU
		{14FE5347-44F6-4201-B18A-88A3E51BCA6B}.Debug|Any CPU.Build.0 = Debug|Any CPU
		{14FE5347-44F6-4201-B18A-88A3E51BCA6B}.Release|Any CPU.ActiveCfg = Release|Any CPU
		{14FE5347-44F6-4201-B18A-88A3E51BCA6B}.Release|Any CPU.Build.0 = Release|Any CPU
		{6A7839B1-E486-47BF-B582-AA7C2D2B381B}.Debug|Any CPU.ActiveCfg = Debug|Any CPU
		{6A7839B1-E486-47BF-B582-AA7C2D2B381B}.Debug|Any CPU.Build.0 = Debug|Any CPU
		{6A7839B1-E486-47BF-B582-AA7C2D2B381B}.Release|Any CPU.ActiveCfg = Release|Any CPU
		{6A7839B1-E486-47BF-B582-AA7C2D2B381B}.Release|Any CPU.Build.0 = Release|Any CPU
		{0CC95513-66AE-4BCB-AA1A-C8F62E28BE13}.Debug|Any CPU.ActiveCfg = Debug|Any CPU
		{0CC95513-66AE-4BCB-AA1A-C8F62E28BE13}.Debug|Any CPU.Build.0 = Debug|Any CPU
		{0CC95513-66AE-4BCB-AA1A-C8F62E28BE13}.Release|Any CPU.ActiveCfg = Release|Any CPU
		{0CC95513-66AE-4BCB-AA1A-C8F62E28BE13}.Release|Any CPU.Build.0 = Release|Any CPU
		{F576AA13-E0A8-42DF-A8D3-930E47DE7671}.Debug|Any CPU.ActiveCfg = Debug|Any CPU
		{F576AA13-E0A8-42DF-A8D3-930E47DE7671}.Debug|Any CPU.Build.0 = Debug|Any CPU
		{F576AA13-E0A8-42DF-A8D3-930E47DE7671}.Release|Any CPU.ActiveCfg = Release|Any CPU
		{F576AA13-E0A8-42DF-A8D3-930E47DE7671}.Release|Any CPU.Build.0 = Release|Any CPU
		{DF423118-9A24-4A3F-A562-87A7B2E59F36}.Debug|Any CPU.ActiveCfg = Debug|Any CPU
		{DF423118-9A24-4A3F-A562-87A7B2E59F36}.Debug|Any CPU.Build.0 = Debug|Any CPU
		{DF423118-9A24-4A3F-A562-87A7B2E59F36}.Release|Any CPU.ActiveCfg = Release|Any CPU
		{DF423118-9A24-4A3F-A562-87A7B2E59F36}.Release|Any CPU.Build.0 = Release|Any CPU
		{2B02971F-49C6-4758-99A8-8E7861ACE47E}.Debug|Any CPU.ActiveCfg = Debug|Any CPU
		{2B02971F-49C6-4758-99A8-8E7861ACE47E}.Debug|Any CPU.Build.0 = Debug|Any CPU
		{2B02971F-49C6-4758-99A8-8E7861ACE47E}.Release|Any CPU.ActiveCfg = Release|Any CPU
		{2B02971F-49C6-4758-99A8-8E7861ACE47E}.Release|Any CPU.Build.0 = Release|Any CPU
		{4BEACB51-8583-474B-875F-F634780C1633}.Debug|Any CPU.ActiveCfg = Debug|Any CPU
		{4BEACB51-8583-474B-875F-F634780C1633}.Debug|Any CPU.Build.0 = Debug|Any CPU
		{4BEACB51-8583-474B-875F-F634780C1633}.Release|Any CPU.ActiveCfg = Release|Any CPU
		{4BEACB51-8583-474B-875F-F634780C1633}.Release|Any CPU.Build.0 = Release|Any CPU
		{29802783-7915-41C6-8033-4C1DE562C02D}.Debug|Any CPU.ActiveCfg = Debug|Any CPU
		{29802783-7915-41C6-8033-4C1DE562C02D}.Debug|Any CPU.Build.0 = Debug|Any CPU
		{29802783-7915-41C6-8033-4C1DE562C02D}.Release|Any CPU.ActiveCfg = Release|Any CPU
		{29802783-7915-41C6-8033-4C1DE562C02D}.Release|Any CPU.Build.0 = Release|Any CPU
		{22108689-B27E-477A-B9F7-3221F56CDC86}.Debug|Any CPU.ActiveCfg = Debug|Any CPU
		{22108689-B27E-477A-B9F7-3221F56CDC86}.Debug|Any CPU.Build.0 = Debug|Any CPU
		{22108689-B27E-477A-B9F7-3221F56CDC86}.Release|Any CPU.ActiveCfg = Release|Any CPU
		{22108689-B27E-477A-B9F7-3221F56CDC86}.Release|Any CPU.Build.0 = Release|Any CPU
		{7EEA8903-D675-45FA-9EB1-702AB4EA5F57}.Debug|Any CPU.ActiveCfg = Debug|Any CPU
		{7EEA8903-D675-45FA-9EB1-702AB4EA5F57}.Debug|Any CPU.Build.0 = Debug|Any CPU
		{7EEA8903-D675-45FA-9EB1-702AB4EA5F57}.Release|Any CPU.ActiveCfg = Release|Any CPU
		{7EEA8903-D675-45FA-9EB1-702AB4EA5F57}.Release|Any CPU.Build.0 = Release|Any CPU
		{2A08AE15-0BEA-418D-AD20-935EB93481DF}.Debug|Any CPU.ActiveCfg = Debug|Any CPU
		{2A08AE15-0BEA-418D-AD20-935EB93481DF}.Debug|Any CPU.Build.0 = Debug|Any CPU
		{2A08AE15-0BEA-418D-AD20-935EB93481DF}.Release|Any CPU.ActiveCfg = Release|Any CPU
		{2A08AE15-0BEA-418D-AD20-935EB93481DF}.Release|Any CPU.Build.0 = Release|Any CPU
		{C0345E3F-9CB7-4370-A927-84D6CFCE902C}.Debug|Any CPU.ActiveCfg = Debug|Any CPU
		{C0345E3F-9CB7-4370-A927-84D6CFCE902C}.Debug|Any CPU.Build.0 = Debug|Any CPU
		{C0345E3F-9CB7-4370-A927-84D6CFCE902C}.Release|Any CPU.ActiveCfg = Release|Any CPU
		{C0345E3F-9CB7-4370-A927-84D6CFCE902C}.Release|Any CPU.Build.0 = Release|Any CPU
		{A4722EBC-6993-40AB-BC5D-AD747D068049}.Debug|Any CPU.ActiveCfg = Debug|Any CPU
		{A4722EBC-6993-40AB-BC5D-AD747D068049}.Debug|Any CPU.Build.0 = Debug|Any CPU
		{A4722EBC-6993-40AB-BC5D-AD747D068049}.Release|Any CPU.ActiveCfg = Release|Any CPU
		{A4722EBC-6993-40AB-BC5D-AD747D068049}.Release|Any CPU.Build.0 = Release|Any CPU
		{76A28803-E450-4273-AE7E-77F77C3C7F57}.Debug|Any CPU.ActiveCfg = Debug|Any CPU
		{76A28803-E450-4273-AE7E-77F77C3C7F57}.Debug|Any CPU.Build.0 = Debug|Any CPU
		{76A28803-E450-4273-AE7E-77F77C3C7F57}.Release|Any CPU.ActiveCfg = Release|Any CPU
		{76A28803-E450-4273-AE7E-77F77C3C7F57}.Release|Any CPU.Build.0 = Release|Any CPU
		{878D4F71-9CF2-4183-88AA-154443F212DA}.Debug|Any CPU.ActiveCfg = Debug|Any CPU
		{878D4F71-9CF2-4183-88AA-154443F212DA}.Debug|Any CPU.Build.0 = Debug|Any CPU
		{878D4F71-9CF2-4183-88AA-154443F212DA}.Release|Any CPU.ActiveCfg = Release|Any CPU
		{878D4F71-9CF2-4183-88AA-154443F212DA}.Release|Any CPU.Build.0 = Release|Any CPU
		{B819EE9D-49D6-42FA-9A45-E8632C680323}.Debug|Any CPU.ActiveCfg = Debug|Any CPU
		{B819EE9D-49D6-42FA-9A45-E8632C680323}.Debug|Any CPU.Build.0 = Debug|Any CPU
		{B819EE9D-49D6-42FA-9A45-E8632C680323}.Release|Any CPU.ActiveCfg = Release|Any CPU
		{B819EE9D-49D6-42FA-9A45-E8632C680323}.Release|Any CPU.Build.0 = Release|Any CPU
		{EC3985F5-FFB4-463E-BADC-7E6EEC30EFA8}.Debug|Any CPU.ActiveCfg = Debug|Any CPU
		{EC3985F5-FFB4-463E-BADC-7E6EEC30EFA8}.Debug|Any CPU.Build.0 = Debug|Any CPU
		{EC3985F5-FFB4-463E-BADC-7E6EEC30EFA8}.Release|Any CPU.ActiveCfg = Release|Any CPU
		{EC3985F5-FFB4-463E-BADC-7E6EEC30EFA8}.Release|Any CPU.Build.0 = Release|Any CPU
		{9132807F-8779-4A8C-BF78-B1A6A6DB7B19}.Debug|Any CPU.ActiveCfg = Debug|Any CPU
		{9132807F-8779-4A8C-BF78-B1A6A6DB7B19}.Debug|Any CPU.Build.0 = Debug|Any CPU
		{9132807F-8779-4A8C-BF78-B1A6A6DB7B19}.Release|Any CPU.ActiveCfg = Release|Any CPU
		{9132807F-8779-4A8C-BF78-B1A6A6DB7B19}.Release|Any CPU.Build.0 = Release|Any CPU
		{573E4988-98CC-4904-821B-A08596A053E7}.Debug|Any CPU.ActiveCfg = Debug|Any CPU
		{573E4988-98CC-4904-821B-A08596A053E7}.Debug|Any CPU.Build.0 = Debug|Any CPU
		{573E4988-98CC-4904-821B-A08596A053E7}.Release|Any CPU.ActiveCfg = Release|Any CPU
		{573E4988-98CC-4904-821B-A08596A053E7}.Release|Any CPU.Build.0 = Release|Any CPU
		{529B6737-1852-4012-B267-CCC060E59D3D}.Debug|Any CPU.ActiveCfg = Debug|Any CPU
		{529B6737-1852-4012-B267-CCC060E59D3D}.Debug|Any CPU.Build.0 = Debug|Any CPU
		{529B6737-1852-4012-B267-CCC060E59D3D}.Release|Any CPU.ActiveCfg = Release|Any CPU
		{529B6737-1852-4012-B267-CCC060E59D3D}.Release|Any CPU.Build.0 = Release|Any CPU
		{297B495D-35DE-4521-A14C-2023262692BE}.Debug|Any CPU.ActiveCfg = Debug|Any CPU
		{297B495D-35DE-4521-A14C-2023262692BE}.Debug|Any CPU.Build.0 = Debug|Any CPU
		{297B495D-35DE-4521-A14C-2023262692BE}.Release|Any CPU.ActiveCfg = Release|Any CPU
		{297B495D-35DE-4521-A14C-2023262692BE}.Release|Any CPU.Build.0 = Release|Any CPU
		{83725185-AA77-4AF2-82EA-A9001B0CB154}.Debug|Any CPU.ActiveCfg = Debug|Any CPU
		{83725185-AA77-4AF2-82EA-A9001B0CB154}.Debug|Any CPU.Build.0 = Debug|Any CPU
		{83725185-AA77-4AF2-82EA-A9001B0CB154}.Release|Any CPU.ActiveCfg = Release|Any CPU
		{83725185-AA77-4AF2-82EA-A9001B0CB154}.Release|Any CPU.Build.0 = Release|Any CPU
		{53A83928-27FA-4FFF-B6E1-A8D88DE5ACD6}.Debug|Any CPU.ActiveCfg = Debug|Any CPU
		{53A83928-27FA-4FFF-B6E1-A8D88DE5ACD6}.Debug|Any CPU.Build.0 = Debug|Any CPU
		{53A83928-27FA-4FFF-B6E1-A8D88DE5ACD6}.Release|Any CPU.ActiveCfg = Release|Any CPU
		{53A83928-27FA-4FFF-B6E1-A8D88DE5ACD6}.Release|Any CPU.Build.0 = Release|Any CPU
		{62528E57-EA3B-4A35-889C-888BE1A047EF}.Debug|Any CPU.ActiveCfg = Debug|Any CPU
		{62528E57-EA3B-4A35-889C-888BE1A047EF}.Debug|Any CPU.Build.0 = Debug|Any CPU
		{62528E57-EA3B-4A35-889C-888BE1A047EF}.Release|Any CPU.ActiveCfg = Release|Any CPU
		{62528E57-EA3B-4A35-889C-888BE1A047EF}.Release|Any CPU.Build.0 = Release|Any CPU
		{040E15DE-5BFF-49D0-9465-490498E69E08}.Debug|Any CPU.ActiveCfg = Debug|Any CPU
		{040E15DE-5BFF-49D0-9465-490498E69E08}.Debug|Any CPU.Build.0 = Debug|Any CPU
		{040E15DE-5BFF-49D0-9465-490498E69E08}.Release|Any CPU.ActiveCfg = Release|Any CPU
		{040E15DE-5BFF-49D0-9465-490498E69E08}.Release|Any CPU.Build.0 = Release|Any CPU
		{229214DA-A6C4-40C1-9C7D-1188289B85F4}.Debug|Any CPU.ActiveCfg = Debug|Any CPU
		{229214DA-A6C4-40C1-9C7D-1188289B85F4}.Debug|Any CPU.Build.0 = Debug|Any CPU
		{229214DA-A6C4-40C1-9C7D-1188289B85F4}.Release|Any CPU.ActiveCfg = Release|Any CPU
		{229214DA-A6C4-40C1-9C7D-1188289B85F4}.Release|Any CPU.Build.0 = Release|Any CPU
		{3FA44D1F-8B9E-4D52-BB12-DAE9C6B2C513}.Debug|Any CPU.ActiveCfg = Debug|Any CPU
		{3FA44D1F-8B9E-4D52-BB12-DAE9C6B2C513}.Debug|Any CPU.Build.0 = Debug|Any CPU
		{3FA44D1F-8B9E-4D52-BB12-DAE9C6B2C513}.Release|Any CPU.ActiveCfg = Release|Any CPU
		{3FA44D1F-8B9E-4D52-BB12-DAE9C6B2C513}.Release|Any CPU.Build.0 = Release|Any CPU
		{758D99A1-953F-4F38-9DE7-18F48BC2B312}.Debug|Any CPU.ActiveCfg = Debug|Any CPU
		{758D99A1-953F-4F38-9DE7-18F48BC2B312}.Debug|Any CPU.Build.0 = Debug|Any CPU
		{758D99A1-953F-4F38-9DE7-18F48BC2B312}.Release|Any CPU.ActiveCfg = Release|Any CPU
		{758D99A1-953F-4F38-9DE7-18F48BC2B312}.Release|Any CPU.Build.0 = Release|Any CPU
		{41875D6B-6E9C-46DA-88A9-A9AC32BD328F}.Debug|Any CPU.ActiveCfg = Debug|Any CPU
		{41875D6B-6E9C-46DA-88A9-A9AC32BD328F}.Debug|Any CPU.Build.0 = Debug|Any CPU
		{41875D6B-6E9C-46DA-88A9-A9AC32BD328F}.Release|Any CPU.ActiveCfg = Release|Any CPU
		{41875D6B-6E9C-46DA-88A9-A9AC32BD328F}.Release|Any CPU.Build.0 = Release|Any CPU
		{29721588-BE4C-40A0-B34F-B864476128D8}.Debug|Any CPU.ActiveCfg = Debug|Any CPU
		{29721588-BE4C-40A0-B34F-B864476128D8}.Debug|Any CPU.Build.0 = Debug|Any CPU
		{29721588-BE4C-40A0-B34F-B864476128D8}.Release|Any CPU.ActiveCfg = Release|Any CPU
		{29721588-BE4C-40A0-B34F-B864476128D8}.Release|Any CPU.Build.0 = Release|Any CPU
		{042F7B35-C5E7-47E8-AD24-A0AE455A7DFE}.Debug|Any CPU.ActiveCfg = Debug|Any CPU
		{042F7B35-C5E7-47E8-AD24-A0AE455A7DFE}.Debug|Any CPU.Build.0 = Debug|Any CPU
		{042F7B35-C5E7-47E8-AD24-A0AE455A7DFE}.Release|Any CPU.ActiveCfg = Release|Any CPU
		{042F7B35-C5E7-47E8-AD24-A0AE455A7DFE}.Release|Any CPU.Build.0 = Release|Any CPU
		{5AFD8C08-1D82-44C1-BFD3-6116FCE4BDA6}.Debug|Any CPU.ActiveCfg = Debug|Any CPU
		{5AFD8C08-1D82-44C1-BFD3-6116FCE4BDA6}.Debug|Any CPU.Build.0 = Debug|Any CPU
		{5AFD8C08-1D82-44C1-BFD3-6116FCE4BDA6}.Release|Any CPU.ActiveCfg = Release|Any CPU
		{5AFD8C08-1D82-44C1-BFD3-6116FCE4BDA6}.Release|Any CPU.Build.0 = Release|Any CPU
	EndGlobalSection
	GlobalSection(SolutionProperties) = preSolution
		HideSolutionNode = FALSE
	EndGlobalSection
	GlobalSection(NestedProjects) = preSolution
		{471EF880-8F4B-455C-8D34-36BCB4076E9F} = {76F9CF46-6695-4C09-963B-8F90CEDFAA01}
		{8F954AEA-368E-42C6-B363-04D74F5A082A} = {471EF880-8F4B-455C-8D34-36BCB4076E9F}
		{B14D0D7B-D1B1-42E9-8CBF-5713BE649E04} = {76F9CF46-6695-4C09-963B-8F90CEDFAA01}
		{4AFFD57D-C23E-427E-95C2-C01320C98B13} = {76F9CF46-6695-4C09-963B-8F90CEDFAA01}
		{728537C3-B1DF-49C1-ACBC-5FCE06CA75BA} = {32659F3D-0F20-4421-B9E7-46F048E80EF2}
		{695CA484-AA4D-4600-A73D-6FCD2DC34C26} = {32659F3D-0F20-4421-B9E7-46F048E80EF2}
		{99E673CD-4973-4D7E-9055-3ACBDD578F43} = {32659F3D-0F20-4421-B9E7-46F048E80EF2}
		{23B55CF5-460A-4F61-BDEF-AF16C2C06194} = {399FE3A8-7FCC-4043-8ED9-B1E53293EF4A}
		{41CBE53B-56E8-4D07-BE81-F054A4F9AF79} = {23B55CF5-460A-4F61-BDEF-AF16C2C06194}
		{C4B9ED7F-1437-4C5C-8BCE-DF99496A297C} = {23B55CF5-460A-4F61-BDEF-AF16C2C06194}
		{05A6A85F-B31D-4AE8-BB01-ABA8107B455B} = {23B55CF5-460A-4F61-BDEF-AF16C2C06194}
		{F4CC4970-C37B-4120-9C03-D876BB4BE09E} = {23B55CF5-460A-4F61-BDEF-AF16C2C06194}
		{5D7D9BE5-6E9D-4DDC-8687-D312FF47C548} = {23B55CF5-460A-4F61-BDEF-AF16C2C06194}
		{8C9CB213-8BD4-4FAD-AD6C-655B7079E032} = {23B55CF5-460A-4F61-BDEF-AF16C2C06194}
		{09593975-349C-4C31-ACA4-3EE83B4CF26F} = {23B55CF5-460A-4F61-BDEF-AF16C2C06194}
		{50BE4F4D-DD4F-4618-8B7D-169AC7B32645} = {23B55CF5-460A-4F61-BDEF-AF16C2C06194}
		{9586919A-9F29-4665-B4AF-2BA09248224B} = {23B55CF5-460A-4F61-BDEF-AF16C2C06194}
		{14FE5347-44F6-4201-B18A-88A3E51BCA6B} = {9586919A-9F29-4665-B4AF-2BA09248224B}
		{6A7839B1-E486-47BF-B582-AA7C2D2B381B} = {9C821EAC-8CE3-4F81-9331-DE52A4E970C8}
		{0CC95513-66AE-4BCB-AA1A-C8F62E28BE13} = {C95CBEEB-0AFE-4E9D-8604-E08E2E892DF5}
		{F576AA13-E0A8-42DF-A8D3-930E47DE7671} = {0BA1B4E9-8EBF-475A-9088-7971927E00DE}
		{DF423118-9A24-4A3F-A562-87A7B2E59F36} = {0BA1B4E9-8EBF-475A-9088-7971927E00DE}
		{2B02971F-49C6-4758-99A8-8E7861ACE47E} = {EEDC2535-4D0B-486B-A1EC-CC15B913D5F4}
		{4BEACB51-8583-474B-875F-F634780C1633} = {034D9687-3753-404B-A0D4-D846A8245A19}
		{29802783-7915-41C6-8033-4C1DE562C02D} = {034D9687-3753-404B-A0D4-D846A8245A19}
		{22108689-B27E-477A-B9F7-3221F56CDC86} = {034D9687-3753-404B-A0D4-D846A8245A19}
		{7EEA8903-D675-45FA-9EB1-702AB4EA5F57} = {034D9687-3753-404B-A0D4-D846A8245A19}
		{2A08AE15-0BEA-418D-AD20-935EB93481DF} = {034D9687-3753-404B-A0D4-D846A8245A19}
		{76A28803-E450-4273-AE7E-77F77C3C7F57} = {9EED8B09-7871-4E88-AD6A-548355C494F1}
		{878D4F71-9CF2-4183-88AA-154443F212DA} = {210C4050-1874-4676-B20B-5F3252F5ACFF}
		{B819EE9D-49D6-42FA-9A45-E8632C680323} = {210C4050-1874-4676-B20B-5F3252F5ACFF}
		{EC3985F5-FFB4-463E-BADC-7E6EEC30EFA8} = {14625145-6100-4880-9134-CF02849D87AA}
		{9132807F-8779-4A8C-BF78-B1A6A6DB7B19} = {9C821EAC-8CE3-4F81-9331-DE52A4E970C8}
		{573E4988-98CC-4904-821B-A08596A053E7} = {9C821EAC-8CE3-4F81-9331-DE52A4E970C8}
		{529B6737-1852-4012-B267-CCC060E59D3D} = {C56C3D59-2944-4425-88DC-36D92B0C08F1}
		{297B495D-35DE-4521-A14C-2023262692BE} = {C56C3D59-2944-4425-88DC-36D92B0C08F1}
		{83725185-AA77-4AF2-82EA-A9001B0CB154} = {9C821EAC-8CE3-4F81-9331-DE52A4E970C8}
		{53A83928-27FA-4FFF-B6E1-A8D88DE5ACD6} = {9C821EAC-8CE3-4F81-9331-DE52A4E970C8}
		{62528E57-EA3B-4A35-889C-888BE1A047EF} = {9C821EAC-8CE3-4F81-9331-DE52A4E970C8}
		{040E15DE-5BFF-49D0-9465-490498E69E08} = {9C821EAC-8CE3-4F81-9331-DE52A4E970C8}
		{99266FB4-3291-44D8-B26A-E5F90128BCF3} = {9C821EAC-8CE3-4F81-9331-DE52A4E970C8}
		{229214DA-A6C4-40C1-9C7D-1188289B85F4} = {C56C3D59-2944-4425-88DC-36D92B0C08F1}
		{C56C3D59-2944-4425-88DC-36D92B0C08F1} = {9C821EAC-8CE3-4F81-9331-DE52A4E970C8}
		{3FA44D1F-8B9E-4D52-BB12-DAE9C6B2C513} = {C56C3D59-2944-4425-88DC-36D92B0C08F1}
		{758D99A1-953F-4F38-9DE7-18F48BC2B312} = {C56C3D59-2944-4425-88DC-36D92B0C08F1}
		{41875D6B-6E9C-46DA-88A9-A9AC32BD328F} = {C56C3D59-2944-4425-88DC-36D92B0C08F1}
		{29721588-BE4C-40A0-B34F-B864476128D8} = {EEDC2535-4D0B-486B-A1EC-CC15B913D5F4}
		{042F7B35-C5E7-47E8-AD24-A0AE455A7DFE} = {EEDC2535-4D0B-486B-A1EC-CC15B913D5F4}
		{5AFD8C08-1D82-44C1-BFD3-6116FCE4BDA6} = {0BA1B4E9-8EBF-475A-9088-7971927E00DE}
	EndGlobalSection
EndGlobal
