
Microsoft Visual Studio Solution File, Format Version 12.00
# Visual Studio 14
VisualStudioVersion = 14.0.25420.1
MinimumVisualStudioVersion = 10.0.40219.1
Project("{2150E333-8FDC-42A3-9474-1A3956D46DE8}") = "7. DotNetCore", "7. DotNetCore", "{76F9CF46-6695-4C09-963B-8F90CEDFAA01}"
EndProject
Project("{2150E333-8FDC-42A3-9474-1A3956D46DE8}") = "WebApi.OData", "WebApi.OData", "{32659F3D-0F20-4421-B9E7-46F048E80EF2}"
EndProject
Project("{FAE04EC0-301F-11D3-BF4B-00C04F79EFBC}") = "Resources", "Resources\Resources.csproj", "{FB53299D-F1E3-4134-BB10-265CDD426CC1}"
EndProject
Project("{FAE04EC0-301F-11D3-BF4B-00C04F79EFBC}") = "OdataServer", "OdataServer\OdataServer.csproj", "{728537C3-B1DF-49C1-ACBC-5FCE06CA75BA}"
EndProject
Project("{FAE04EC0-301F-11D3-BF4B-00C04F79EFBC}") = "OdataClient", "OdataClient\OdataClient.csproj", "{695CA484-AA4D-4600-A73D-6FCD2DC34C26}"
EndProject
Project("{FAE04EC0-301F-11D3-BF4B-00C04F79EFBC}") = "OdataClientConsoleApp", "OdataClientConsoleApp\OdataClientConsoleApp.csproj", "{99E673CD-4973-4D7E-9055-3ACBDD578F43}"
EndProject
Project("{2150E333-8FDC-42A3-9474-1A3956D46DE8}") = "B. DDD", "B. DDD", "{399FE3A8-7FCC-4043-8ED9-B1E53293EF4A}"
EndProject
Project("{2150E333-8FDC-42A3-9474-1A3956D46DE8}") = "peak.EStore", "peak.EStore", "{23B55CF5-460A-4F61-BDEF-AF16C2C06194}"
EndProject
Project("{FAE04EC0-301F-11D3-BF4B-00C04F79EFBC}") = "Peak.EStore.Infrastructure", "EStore\Peak.EStore.Infrastructure\Peak.EStore.Infrastructure.csproj", "{41CBE53B-56E8-4D07-BE81-F054A4F9AF79}"
EndProject
Project("{FAE04EC0-301F-11D3-BF4B-00C04F79EFBC}") = "Peak.EStore.Repository", "EStore\Peak.EStore.Repository\Peak.EStore.Repository.csproj", "{C4B9ED7F-1437-4C5C-8BCE-DF99496A297C}"
EndProject
Project("{FAE04EC0-301F-11D3-BF4B-00C04F79EFBC}") = "Peak.EStore.Repository.Dapper", "EStore\Peak.EStore.Repository.Dapper\Peak.EStore.Repository.Dapper.csproj", "{05A6A85F-B31D-4AE8-BB01-ABA8107B455B}"
EndProject
Project("{FAE04EC0-301F-11D3-BF4B-00C04F79EFBC}") = "Peak.EStore.Repository.EF", "EStore\Peak.EStore.Repository.EF\Peak.EStore.Repository.EF.csproj", "{F4CC4970-C37B-4120-9C03-D876BB4BE09E}"
EndProject
Project("{FAE04EC0-301F-11D3-BF4B-00C04F79EFBC}") = "Peak.EStore.Repository.NHibernate", "EStore\Peak.EStore.Repository.NHibernate\Peak.EStore.Repository.NHibernate.csproj", "{5D7D9BE5-6E9D-4DDC-8687-D312FF47C548}"
EndProject
Project("{FAE04EC0-301F-11D3-BF4B-00C04F79EFBC}") = "Peak.EStore.Repository.SqlHelper", "EStore\Peak.EStore.Repository.SqlHelper\Peak.EStore.Repository.SqlHelper.csproj", "{8C9CB213-8BD4-4FAD-AD6C-655B7079E032}"
EndProject
Project("{FAE04EC0-301F-11D3-BF4B-00C04F79EFBC}") = "Peak.EStore.Domains", "EStore\Peak.EStore.Domains\Peak.EStore.Domains.csproj", "{09593975-349C-4C31-ACA4-3EE83B4CF26F}"
EndProject
Project("{FAE04EC0-301F-11D3-BF4B-00C04F79EFBC}") = "Peak.EStore.ApplicationServices", "EStore\Peak.EStore.ApplicationServices\Peak.EStore.ApplicationServices.csproj", "{50BE4F4D-DD4F-4618-8B7D-169AC7B32645}"
EndProject
Project("{2150E333-8FDC-42A3-9474-1A3956D46DE8}") = "Peak.EStore.Clients", "Peak.EStore.Clients", "{9586919A-9F29-4665-B4AF-2BA09248224B}"
EndProject
Project("{FAE04EC0-301F-11D3-BF4B-00C04F79EFBC}") = "Peak.EStore.Clients.ConsoleApp", "EStore\Peak.EStore.Clients.ConsoleApp\Peak.EStore.Clients.ConsoleApp.csproj", "{14FE5347-44F6-4201-B18A-88A3E51BCA6B}"
EndProject
Project("{FAE04EC0-301F-11D3-BF4B-00C04F79EFBC}") = "MVCWebApp", "mvc\MVCWebApp\MVCWebApp.csproj", "{6A7839B1-E486-47BF-B582-AA7C2D2B381B}"
EndProject
Project("{2150E333-8FDC-42A3-9474-1A3956D46DE8}") = "C. TDD", "C. TDD", "{0BA1B4E9-8EBF-475A-9088-7971927E00DE}"
EndProject
Project("{FAE04EC0-301F-11D3-BF4B-00C04F79EFBC}") = "DesignUnitTest", "TDD\UnitTest\DesignUnitTest.csproj", "{DF423118-9A24-4A3F-A562-87A7B2E59F36}"
EndProject
Project("{FAE04EC0-301F-11D3-BF4B-00C04F79EFBC}") = "ConsoleAppConcurency", "ConsoleAppConcurency\ConsoleAppConcurency.csproj", "{2B02971F-49C6-4758-99A8-8E7861ACE47E}"
EndProject
Project("{2150E333-8FDC-42A3-9474-1A3956D46DE8}") = "C.Read Write Data", "C.Read Write Data", "{034D9687-3753-404B-A0D4-D846A8245A19}"
EndProject
Project("{FAE04EC0-301F-11D3-BF4B-00C04F79EFBC}") = "Domain", "Domain\Domain.csproj", "{29802783-7915-41C6-8033-4C1DE562C02D}"
EndProject
Project("{FAE04EC0-301F-11D3-BF4B-00C04F79EFBC}") = "Data", "Data\Data.csproj", "{22108689-B27E-477A-B9F7-3221F56CDC86}"
EndProject
Project("{FAE04EC0-301F-11D3-BF4B-00C04F79EFBC}") = "ReadWriteUnitTest", "ReadWriteUnitTest\ReadWriteUnitTest.csproj", "{2A08AE15-0BEA-418D-AD20-935EB93481DF}"
EndProject
Project("{FAE04EC0-301F-11D3-BF4B-00C04F79EFBC}") = "Peak.Utilities", "Peak.Utilities\Peak.Utilities.csproj", "{C0345E3F-9CB7-4370-A927-84D6CFCE902C}"
EndProject
Project("{FAE04EC0-301F-11D3-BF4B-00C04F79EFBC}") = "Peak.Infrastructure", "Peak.Infrastructure\Peak.Infrastructure.csproj", "{A4722EBC-6993-40AB-BC5D-AD747D068049}"
EndProject
Project("{2150E333-8FDC-42A3-9474-1A3956D46DE8}") = "A. ONE", "A. ONE", "{14625145-6100-4880-9134-CF02849D87AA}"
EndProject
Project("{FAE04EC0-301F-11D3-BF4B-00C04F79EFBC}") = "WebUI", "WebUI\WebUI.csproj", "{EC3985F5-FFB4-463E-BADC-7E6EEC30EFA8}"
EndProject
Project("{2150E333-8FDC-42A3-9474-1A3956D46DE8}") = "mvc.wcf.ws.api", "mvc.wcf.ws.api", "{9C821EAC-8CE3-4F81-9331-DE52A4E970C8}"
EndProject
Project("{FAE04EC0-301F-11D3-BF4B-00C04F79EFBC}") = "ConsoleApp", "ConsoleApp\ConsoleApp.csproj", "{9132807F-8779-4A8C-BF78-B1A6A6DB7B19}"
	ProjectSection(ProjectDependencies) = postProject
		{297B495D-35DE-4521-A14C-2023262692BE} = {297B495D-35DE-4521-A14C-2023262692BE}
	EndProjectSection
EndProject
Project("{FAE04EC0-301F-11D3-BF4B-00C04F79EFBC}") = "WcfService", "WcfService\WcfService.csproj", "{529B6737-1852-4012-B267-CCC060E59D3D}"
EndProject
Project("{FAE04EC0-301F-11D3-BF4B-00C04F79EFBC}") = "WebServiceApp", "WebServiceApp\WebServiceApp.csproj", "{297B495D-35DE-4521-A14C-2023262692BE}"
EndProject
Project("{FAE04EC0-301F-11D3-BF4B-00C04F79EFBC}") = "RelatedDoc", "RelatedDoc\RelatedDoc.csproj", "{83725185-AA77-4AF2-82EA-A9001B0CB154}"
EndProject
Project("{FAE04EC0-301F-11D3-BF4B-00C04F79EFBC}") = "TestWebServiceConsole", "TestWebServiceConsole\TestWebServiceConsole.csproj", "{53A83928-27FA-4FFF-B6E1-A8D88DE5ACD6}"
	ProjectSection(ProjectDependencies) = postProject
		{297B495D-35DE-4521-A14C-2023262692BE} = {297B495D-35DE-4521-A14C-2023262692BE}
	EndProjectSection
EndProject
Project("{FAE04EC0-301F-11D3-BF4B-00C04F79EFBC}") = "WebApi", "WebApi\WebApi.csproj", "{62528E57-EA3B-4A35-889C-888BE1A047EF}"
EndProject
Project("{FAE04EC0-301F-11D3-BF4B-00C04F79EFBC}") = "WebApi.Tests", "WebApi.Tests\WebApi.Tests.csproj", "{040E15DE-5BFF-49D0-9465-490498E69E08}"
EndProject
Project("{FAE04EC0-301F-11D3-BF4B-00C04F79EFBC}") = "WcfServiceLibrary", "WcfServiceLibrary\WcfServiceLibrary.csproj", "{229214DA-A6C4-40C1-9C7D-1188289B85F4}"
EndProject
Project("{2150E333-8FDC-42A3-9474-1A3956D46DE8}") = "WCF", "WCF", "{C56C3D59-2944-4425-88DC-36D92B0C08F1}"
EndProject
Project("{FAE04EC0-301F-11D3-BF4B-00C04F79EFBC}") = "WCFHost", "WCFHost\WCFHost.csproj", "{3FA44D1F-8B9E-4D52-BB12-DAE9C6B2C513}"
EndProject
Project("{FAE04EC0-301F-11D3-BF4B-00C04F79EFBC}") = "WCFClient", "WCFClient\WCFClient.csproj", "{758D99A1-953F-4F38-9DE7-18F48BC2B312}"
	ProjectSection(ProjectDependencies) = postProject
		{529B6737-1852-4012-B267-CCC060E59D3D} = {529B6737-1852-4012-B267-CCC060E59D3D}
	EndProjectSection
EndProject
Project("{FAE04EC0-301F-11D3-BF4B-00C04F79EFBC}") = "WebServiceClient", "WebServiceClient\WebServiceClient.csproj", "{41875D6B-6E9C-46DA-88A9-A9AC32BD328F}"
EndProject
Project("{FAE04EC0-301F-11D3-BF4B-00C04F79EFBC}") = "ThreadConsole", "ThreadConsole\ThreadConsole.csproj", "{29721588-BE4C-40A0-B34F-B864476128D8}"
EndProject
Project("{FAE04EC0-301F-11D3-BF4B-00C04F79EFBC}") = "WindowsFormsMutex", "WindowsFormsApplication1\WindowsFormsMutex.csproj", "{042F7B35-C5E7-47E8-AD24-A0AE455A7DFE}"
EndProject
Project("{2150E333-8FDC-42A3-9474-1A3956D46DE8}") = "peak.demo", "peak.demo", "{16E69764-5012-401F-B424-3D5BAEFBD217}"
EndProject
Project("{2150E333-8FDC-42A3-9474-1A3956D46DE8}") = "1. Data Access Layer", "1. Data Access Layer", "{5838DAA3-1AE7-4C52-9E85-E7C9C0AA9018}"
EndProject
Project("{FAE04EC0-301F-11D3-BF4B-00C04F79EFBC}") = "Layered.Repository", "Layered.Repository\Layered.Repository.csproj", "{D2EC1A5E-6746-4F33-8E25-6672F3B80419}"
EndProject
Project("{2150E333-8FDC-42A3-9474-1A3956D46DE8}") = "2. Business Logic Layer", "2. Business Logic Layer", "{476D9796-30A7-4114-9C78-07E9D6A52389}"
EndProject
Project("{FAE04EC0-301F-11D3-BF4B-00C04F79EFBC}") = "Layered.Domains", "Layered.Domains\Layered.Domains.csproj", "{06C65944-DE93-415D-8F90-198E62ADE12C}"
EndProject
Project("{2150E333-8FDC-42A3-9474-1A3956D46DE8}") = "3. Service Layer", "3. Service Layer", "{FDE2A30D-D97A-45EC-862B-69FE06E158A2}"
EndProject
Project("{FAE04EC0-301F-11D3-BF4B-00C04F79EFBC}") = "Layered.Services", "Layered.Services\Layered.Services.csproj", "{511279BB-698F-4B8B-8D6B-1B3A96757492}"
EndProject
Project("{2150E333-8FDC-42A3-9474-1A3956D46DE8}") = "4. Presentation Layer", "4. Presentation Layer", "{C5B2B317-DCE4-4FAF-BB13-9D3C5A9138A9}"
EndProject
Project("{FAE04EC0-301F-11D3-BF4B-00C04F79EFBC}") = "Layered.Presentation", "Layered.Presentation\Layered.Presentation.csproj", "{25FAC5A6-76BC-441C-BA32-2A45E3DF1106}"
EndProject
Project("{2150E333-8FDC-42A3-9474-1A3956D46DE8}") = "5. User Experience Layer", "5. User Experience Layer", "{78C43148-499D-41A5-9B54-912A8A2CCCF0}"
EndProject
Project("{FAE04EC0-301F-11D3-BF4B-00C04F79EFBC}") = "Layered.WebUI", "Layered.WebUI\Layered.WebUI.csproj", "{B6BA4BC0-8F13-404B-993A-093F6830D339}"
EndProject
Project("{2150E333-8FDC-42A3-9474-1A3956D46DE8}") = "6. Infrastructure", "6. Infrastructure", "{55D578BD-1FC0-44C3-ADD5-6549A411F6ED}"
EndProject
Project("{FAE04EC0-301F-11D3-BF4B-00C04F79EFBC}") = "Layered.Infrastructure", "Layered.Infrastructure\Layered.Infrastructure.csproj", "{979357E9-F18E-4DEA-9E86-4DD9C5CB99AA}"
EndProject
Project("{2150E333-8FDC-42A3-9474-1A3956D46DE8}") = "1. UI", "1. UI", "{EB95DE29-45BC-4BA1-9CBE-76B0FFF88760}"
EndProject
Project("{2150E333-8FDC-42A3-9474-1A3956D46DE8}") = "2. Fundemental", "2. Fundemental", "{A63360AC-7EE2-4CEF-8CDE-114268B5905B}"
EndProject
Project("{2150E333-8FDC-42A3-9474-1A3956D46DE8}") = "3. Data", "3. Data", "{502908CE-5105-44FF-9120-058207E35BF1}"
EndProject
Project("{2150E333-8FDC-42A3-9474-1A3956D46DE8}") = "4. BackEnd", "4. BackEnd", "{0327195C-9C42-44FC-9C5F-8C5D9FD76476}"
EndProject
Project("{2150E333-8FDC-42A3-9474-1A3956D46DE8}") = "5. Design", "5. Design", "{A796093A-405E-47E5-9901-7615A5F759BD}"
EndProject
Project("{2150E333-8FDC-42A3-9474-1A3956D46DE8}") = "6. Performance", "6. Performance", "{54785496-870F-4BBE-9657-AFCC9D890ABA}"
EndProject
Project("{FAE04EC0-301F-11D3-BF4B-00C04F79EFBC}") = "ConsoleFundemental", "ConsoleFundemental\ConsoleFundemental.csproj", "{788FDD6D-79DF-4F5B-879E-BB11F920A1AB}"
EndProject
Project("{2150E333-8FDC-42A3-9474-1A3956D46DE8}") = "A. Desc", "A. Desc", "{9D960226-925E-49DE-888F-8429B7AB6195}"
EndProject
Project("{2150E333-8FDC-42A3-9474-1A3956D46DE8}") = "B. Project", "B. Project", "{F1A36551-5F54-4BE7-92F5-DD47BDE92F89}"
EndProject
Project("{2150E333-8FDC-42A3-9474-1A3956D46DE8}") = "A. Desc", "A. Desc", "{5F98C070-F7EF-409E-BBCA-4A3B0950BE07}"
EndProject
Project("{2150E333-8FDC-42A3-9474-1A3956D46DE8}") = "B. Project", "B. Project", "{452CC7DB-A2A7-402B-B0C5-6FF6EB5D5695}"
EndProject
Project("{2150E333-8FDC-42A3-9474-1A3956D46DE8}") = "A. Desc", "A. Desc", "{E1B98F24-956C-4F5D-8028-B476ECC0D416}"
EndProject
Project("{2150E333-8FDC-42A3-9474-1A3956D46DE8}") = "B. Project", "B. Project", "{09C54502-7CA9-45EC-AB37-6B535FD45309}"
EndProject
Project("{2150E333-8FDC-42A3-9474-1A3956D46DE8}") = "D. Tools", "D. Tools", "{0D1941C5-90D6-4E4C-8401-EEBA40B5ED59}"
EndProject
Project("{2150E333-8FDC-42A3-9474-1A3956D46DE8}") = "A. Desc", "A. Desc", "{22B3854A-F238-41DA-9E38-6F5DD12D6790}"
EndProject
Project("{2150E333-8FDC-42A3-9474-1A3956D46DE8}") = "8. AspDotNetCore", "8. AspDotNetCore", "{511CE6C8-BC73-4873-A4E3-7B10392DA1A0}"
EndProject
Project("{FAE04EC0-301F-11D3-BF4B-00C04F79EFBC}") = "ParallelismConcurrencyConsole", "ParallelismConcurrencyConsole\ParallelismConcurrencyConsole.csproj", "{F4F5D5C0-BDA9-4CDB-B8C8-290EFFE60D65}"
EndProject
Project("{FAE04EC0-301F-11D3-BF4B-00C04F79EFBC}") = "ParallelismConcurrencyUnitTest", "ParallelismConcurrencyUnitTest\ParallelismConcurrencyUnitTest.csproj", "{47DB627E-2A45-4749-8378-FB723C792217}"
EndProject
Project("{2150E333-8FDC-42A3-9474-1A3956D46DE8}") = "Concurrency", "Concurrency", "{C3833343-B55C-486E-983E-C34F48011348}"
EndProject
Project("{FAE04EC0-301F-11D3-BF4B-00C04F79EFBC}") = "test", "test\test.csproj", "{DAED6893-9616-4D83-B3B5-68DF07ECF28E}"
EndProject
Project("{2150E333-8FDC-42A3-9474-1A3956D46DE8}") = "E. DotNetCore", "E. DotNetCore", "{F75C0CD6-FDBA-4ABE-903A-CB37BB01439E}"
EndProject
Project("{2150E333-8FDC-42A3-9474-1A3956D46DE8}") = "Console", "Console", "{BA5F734A-CFF2-45E1-AE48-370F2B234C86}"
EndProject
Project("{2150E333-8FDC-42A3-9474-1A3956D46DE8}") = "Web", "Web", "{C7C7FC0B-C792-4D6D-AC99-626D2626B5D8}"
EndProject
Project("{8BB2217D-0F2D-49D1-97BC-3654ED321F3B}") = "ConsoleAppDotNetCore", "ConsoleAppDotNetCore\ConsoleAppDotNetCore.xproj", "{E518A090-7DED-459B-A1B6-E86595AAD857}"
EndProject
Global
	GlobalSection(SolutionConfigurationPlatforms) = preSolution
		Debug|Any CPU = Debug|Any CPU
		Release|Any CPU = Release|Any CPU
	EndGlobalSection
	GlobalSection(ProjectConfigurationPlatforms) = postSolution
		{FB53299D-F1E3-4134-BB10-265CDD426CC1}.Debug|Any CPU.ActiveCfg = Debug|Any CPU
		{FB53299D-F1E3-4134-BB10-265CDD426CC1}.Debug|Any CPU.Build.0 = Debug|Any CPU
		{FB53299D-F1E3-4134-BB10-265CDD426CC1}.Release|Any CPU.ActiveCfg = Release|Any CPU
		{FB53299D-F1E3-4134-BB10-265CDD426CC1}.Release|Any CPU.Build.0 = Release|Any CPU
		{728537C3-B1DF-49C1-ACBC-5FCE06CA75BA}.Debug|Any CPU.ActiveCfg = Debug|Any CPU
		{728537C3-B1DF-49C1-ACBC-5FCE06CA75BA}.Debug|Any CPU.Build.0 = Debug|Any CPU
		{728537C3-B1DF-49C1-ACBC-5FCE06CA75BA}.Release|Any CPU.ActiveCfg = Release|Any CPU
		{728537C3-B1DF-49C1-ACBC-5FCE06CA75BA}.Release|Any CPU.Build.0 = Release|Any CPU
		{695CA484-AA4D-4600-A73D-6FCD2DC34C26}.Debug|Any CPU.ActiveCfg = Debug|Any CPU
		{695CA484-AA4D-4600-A73D-6FCD2DC34C26}.Debug|Any CPU.Build.0 = Debug|Any CPU
		{695CA484-AA4D-4600-A73D-6FCD2DC34C26}.Release|Any CPU.ActiveCfg = Release|Any CPU
		{695CA484-AA4D-4600-A73D-6FCD2DC34C26}.Release|Any CPU.Build.0 = Release|Any CPU
		{99E673CD-4973-4D7E-9055-3ACBDD578F43}.Debug|Any CPU.ActiveCfg = Debug|Any CPU
		{99E673CD-4973-4D7E-9055-3ACBDD578F43}.Debug|Any CPU.Build.0 = Debug|Any CPU
		{99E673CD-4973-4D7E-9055-3ACBDD578F43}.Release|Any CPU.ActiveCfg = Release|Any CPU
		{99E673CD-4973-4D7E-9055-3ACBDD578F43}.Release|Any CPU.Build.0 = Release|Any CPU
		{41CBE53B-56E8-4D07-BE81-F054A4F9AF79}.Debug|Any CPU.ActiveCfg = Debug|Any CPU
		{41CBE53B-56E8-4D07-BE81-F054A4F9AF79}.Debug|Any CPU.Build.0 = Debug|Any CPU
		{41CBE53B-56E8-4D07-BE81-F054A4F9AF79}.Release|Any CPU.ActiveCfg = Release|Any CPU
		{41CBE53B-56E8-4D07-BE81-F054A4F9AF79}.Release|Any CPU.Build.0 = Release|Any CPU
		{C4B9ED7F-1437-4C5C-8BCE-DF99496A297C}.Debug|Any CPU.ActiveCfg = Debug|Any CPU
		{C4B9ED7F-1437-4C5C-8BCE-DF99496A297C}.Debug|Any CPU.Build.0 = Debug|Any CPU
		{C4B9ED7F-1437-4C5C-8BCE-DF99496A297C}.Release|Any CPU.ActiveCfg = Release|Any CPU
		{C4B9ED7F-1437-4C5C-8BCE-DF99496A297C}.Release|Any CPU.Build.0 = Release|Any CPU
		{05A6A85F-B31D-4AE8-BB01-ABA8107B455B}.Debug|Any CPU.ActiveCfg = Debug|Any CPU
		{05A6A85F-B31D-4AE8-BB01-ABA8107B455B}.Debug|Any CPU.Build.0 = Debug|Any CPU
		{05A6A85F-B31D-4AE8-BB01-ABA8107B455B}.Release|Any CPU.ActiveCfg = Release|Any CPU
		{05A6A85F-B31D-4AE8-BB01-ABA8107B455B}.Release|Any CPU.Build.0 = Release|Any CPU
		{F4CC4970-C37B-4120-9C03-D876BB4BE09E}.Debug|Any CPU.ActiveCfg = Debug|Any CPU
		{F4CC4970-C37B-4120-9C03-D876BB4BE09E}.Debug|Any CPU.Build.0 = Debug|Any CPU
		{F4CC4970-C37B-4120-9C03-D876BB4BE09E}.Release|Any CPU.ActiveCfg = Release|Any CPU
		{F4CC4970-C37B-4120-9C03-D876BB4BE09E}.Release|Any CPU.Build.0 = Release|Any CPU
		{5D7D9BE5-6E9D-4DDC-8687-D312FF47C548}.Debug|Any CPU.ActiveCfg = Debug|Any CPU
		{5D7D9BE5-6E9D-4DDC-8687-D312FF47C548}.Debug|Any CPU.Build.0 = Debug|Any CPU
		{5D7D9BE5-6E9D-4DDC-8687-D312FF47C548}.Release|Any CPU.ActiveCfg = Release|Any CPU
		{5D7D9BE5-6E9D-4DDC-8687-D312FF47C548}.Release|Any CPU.Build.0 = Release|Any CPU
		{8C9CB213-8BD4-4FAD-AD6C-655B7079E032}.Debug|Any CPU.ActiveCfg = Debug|Any CPU
		{8C9CB213-8BD4-4FAD-AD6C-655B7079E032}.Debug|Any CPU.Build.0 = Debug|Any CPU
		{8C9CB213-8BD4-4FAD-AD6C-655B7079E032}.Release|Any CPU.ActiveCfg = Release|Any CPU
		{8C9CB213-8BD4-4FAD-AD6C-655B7079E032}.Release|Any CPU.Build.0 = Release|Any CPU
		{09593975-349C-4C31-ACA4-3EE83B4CF26F}.Debug|Any CPU.ActiveCfg = Debug|Any CPU
		{09593975-349C-4C31-ACA4-3EE83B4CF26F}.Debug|Any CPU.Build.0 = Debug|Any CPU
		{09593975-349C-4C31-ACA4-3EE83B4CF26F}.Release|Any CPU.ActiveCfg = Release|Any CPU
		{09593975-349C-4C31-ACA4-3EE83B4CF26F}.Release|Any CPU.Build.0 = Release|Any CPU
		{50BE4F4D-DD4F-4618-8B7D-169AC7B32645}.Debug|Any CPU.ActiveCfg = Debug|Any CPU
		{50BE4F4D-DD4F-4618-8B7D-169AC7B32645}.Debug|Any CPU.Build.0 = Debug|Any CPU
		{50BE4F4D-DD4F-4618-8B7D-169AC7B32645}.Release|Any CPU.ActiveCfg = Release|Any CPU
		{50BE4F4D-DD4F-4618-8B7D-169AC7B32645}.Release|Any CPU.Build.0 = Release|Any CPU
		{14FE5347-44F6-4201-B18A-88A3E51BCA6B}.Debug|Any CPU.ActiveCfg = Debug|Any CPU
		{14FE5347-44F6-4201-B18A-88A3E51BCA6B}.Debug|Any CPU.Build.0 = Debug|Any CPU
		{14FE5347-44F6-4201-B18A-88A3E51BCA6B}.Release|Any CPU.ActiveCfg = Release|Any CPU
		{14FE5347-44F6-4201-B18A-88A3E51BCA6B}.Release|Any CPU.Build.0 = Release|Any CPU
		{6A7839B1-E486-47BF-B582-AA7C2D2B381B}.Debug|Any CPU.ActiveCfg = Debug|Any CPU
		{6A7839B1-E486-47BF-B582-AA7C2D2B381B}.Debug|Any CPU.Build.0 = Debug|Any CPU
		{6A7839B1-E486-47BF-B582-AA7C2D2B381B}.Release|Any CPU.ActiveCfg = Release|Any CPU
		{6A7839B1-E486-47BF-B582-AA7C2D2B381B}.Release|Any CPU.Build.0 = Release|Any CPU
		{DF423118-9A24-4A3F-A562-87A7B2E59F36}.Debug|Any CPU.ActiveCfg = Debug|Any CPU
		{DF423118-9A24-4A3F-A562-87A7B2E59F36}.Debug|Any CPU.Build.0 = Debug|Any CPU
		{DF423118-9A24-4A3F-A562-87A7B2E59F36}.Release|Any CPU.ActiveCfg = Release|Any CPU
		{DF423118-9A24-4A3F-A562-87A7B2E59F36}.Release|Any CPU.Build.0 = Release|Any CPU
		{2B02971F-49C6-4758-99A8-8E7861ACE47E}.Debug|Any CPU.ActiveCfg = Debug|Any CPU
		{2B02971F-49C6-4758-99A8-8E7861ACE47E}.Debug|Any CPU.Build.0 = Debug|Any CPU
		{2B02971F-49C6-4758-99A8-8E7861ACE47E}.Release|Any CPU.ActiveCfg = Release|Any CPU
		{2B02971F-49C6-4758-99A8-8E7861ACE47E}.Release|Any CPU.Build.0 = Release|Any CPU
		{29802783-7915-41C6-8033-4C1DE562C02D}.Debug|Any CPU.ActiveCfg = Debug|Any CPU
		{29802783-7915-41C6-8033-4C1DE562C02D}.Debug|Any CPU.Build.0 = Debug|Any CPU
		{29802783-7915-41C6-8033-4C1DE562C02D}.Release|Any CPU.ActiveCfg = Release|Any CPU
		{29802783-7915-41C6-8033-4C1DE562C02D}.Release|Any CPU.Build.0 = Release|Any CPU
		{22108689-B27E-477A-B9F7-3221F56CDC86}.Debug|Any CPU.ActiveCfg = Debug|Any CPU
		{22108689-B27E-477A-B9F7-3221F56CDC86}.Debug|Any CPU.Build.0 = Debug|Any CPU
		{22108689-B27E-477A-B9F7-3221F56CDC86}.Release|Any CPU.ActiveCfg = Release|Any CPU
		{22108689-B27E-477A-B9F7-3221F56CDC86}.Release|Any CPU.Build.0 = Release|Any CPU
		{2A08AE15-0BEA-418D-AD20-935EB93481DF}.Debug|Any CPU.ActiveCfg = Debug|Any CPU
		{2A08AE15-0BEA-418D-AD20-935EB93481DF}.Debug|Any CPU.Build.0 = Debug|Any CPU
		{2A08AE15-0BEA-418D-AD20-935EB93481DF}.Release|Any CPU.ActiveCfg = Release|Any CPU
		{2A08AE15-0BEA-418D-AD20-935EB93481DF}.Release|Any CPU.Build.0 = Release|Any CPU
		{C0345E3F-9CB7-4370-A927-84D6CFCE902C}.Debug|Any CPU.ActiveCfg = Debug|Any CPU
		{C0345E3F-9CB7-4370-A927-84D6CFCE902C}.Debug|Any CPU.Build.0 = Debug|Any CPU
		{C0345E3F-9CB7-4370-A927-84D6CFCE902C}.Release|Any CPU.ActiveCfg = Release|Any CPU
		{C0345E3F-9CB7-4370-A927-84D6CFCE902C}.Release|Any CPU.Build.0 = Release|Any CPU
		{A4722EBC-6993-40AB-BC5D-AD747D068049}.Debug|Any CPU.ActiveCfg = Debug|Any CPU
		{A4722EBC-6993-40AB-BC5D-AD747D068049}.Debug|Any CPU.Build.0 = Debug|Any CPU
		{A4722EBC-6993-40AB-BC5D-AD747D068049}.Release|Any CPU.ActiveCfg = Release|Any CPU
		{A4722EBC-6993-40AB-BC5D-AD747D068049}.Release|Any CPU.Build.0 = Release|Any CPU
		{EC3985F5-FFB4-463E-BADC-7E6EEC30EFA8}.Debug|Any CPU.ActiveCfg = Debug|Any CPU
		{EC3985F5-FFB4-463E-BADC-7E6EEC30EFA8}.Debug|Any CPU.Build.0 = Debug|Any CPU
		{EC3985F5-FFB4-463E-BADC-7E6EEC30EFA8}.Release|Any CPU.ActiveCfg = Release|Any CPU
		{EC3985F5-FFB4-463E-BADC-7E6EEC30EFA8}.Release|Any CPU.Build.0 = Release|Any CPU
		{9132807F-8779-4A8C-BF78-B1A6A6DB7B19}.Debug|Any CPU.ActiveCfg = Debug|Any CPU
		{9132807F-8779-4A8C-BF78-B1A6A6DB7B19}.Debug|Any CPU.Build.0 = Debug|Any CPU
		{9132807F-8779-4A8C-BF78-B1A6A6DB7B19}.Release|Any CPU.ActiveCfg = Release|Any CPU
		{9132807F-8779-4A8C-BF78-B1A6A6DB7B19}.Release|Any CPU.Build.0 = Release|Any CPU
		{529B6737-1852-4012-B267-CCC060E59D3D}.Debug|Any CPU.ActiveCfg = Debug|Any CPU
		{529B6737-1852-4012-B267-CCC060E59D3D}.Debug|Any CPU.Build.0 = Debug|Any CPU
		{529B6737-1852-4012-B267-CCC060E59D3D}.Release|Any CPU.ActiveCfg = Release|Any CPU
		{529B6737-1852-4012-B267-CCC060E59D3D}.Release|Any CPU.Build.0 = Release|Any CPU
		{297B495D-35DE-4521-A14C-2023262692BE}.Debug|Any CPU.ActiveCfg = Debug|Any CPU
		{297B495D-35DE-4521-A14C-2023262692BE}.Debug|Any CPU.Build.0 = Debug|Any CPU
		{297B495D-35DE-4521-A14C-2023262692BE}.Release|Any CPU.ActiveCfg = Release|Any CPU
		{297B495D-35DE-4521-A14C-2023262692BE}.Release|Any CPU.Build.0 = Release|Any CPU
		{83725185-AA77-4AF2-82EA-A9001B0CB154}.Debug|Any CPU.ActiveCfg = Debug|Any CPU
		{83725185-AA77-4AF2-82EA-A9001B0CB154}.Debug|Any CPU.Build.0 = Debug|Any CPU
		{83725185-AA77-4AF2-82EA-A9001B0CB154}.Release|Any CPU.ActiveCfg = Release|Any CPU
		{83725185-AA77-4AF2-82EA-A9001B0CB154}.Release|Any CPU.Build.0 = Release|Any CPU
		{53A83928-27FA-4FFF-B6E1-A8D88DE5ACD6}.Debug|Any CPU.ActiveCfg = Debug|Any CPU
		{53A83928-27FA-4FFF-B6E1-A8D88DE5ACD6}.Debug|Any CPU.Build.0 = Debug|Any CPU
		{53A83928-27FA-4FFF-B6E1-A8D88DE5ACD6}.Release|Any CPU.ActiveCfg = Release|Any CPU
		{53A83928-27FA-4FFF-B6E1-A8D88DE5ACD6}.Release|Any CPU.Build.0 = Release|Any CPU
		{62528E57-EA3B-4A35-889C-888BE1A047EF}.Debug|Any CPU.ActiveCfg = Debug|Any CPU
		{62528E57-EA3B-4A35-889C-888BE1A047EF}.Debug|Any CPU.Build.0 = Debug|Any CPU
		{62528E57-EA3B-4A35-889C-888BE1A047EF}.Release|Any CPU.ActiveCfg = Release|Any CPU
		{62528E57-EA3B-4A35-889C-888BE1A047EF}.Release|Any CPU.Build.0 = Release|Any CPU
		{040E15DE-5BFF-49D0-9465-490498E69E08}.Debug|Any CPU.ActiveCfg = Debug|Any CPU
		{040E15DE-5BFF-49D0-9465-490498E69E08}.Debug|Any CPU.Build.0 = Debug|Any CPU
		{040E15DE-5BFF-49D0-9465-490498E69E08}.Release|Any CPU.ActiveCfg = Release|Any CPU
		{040E15DE-5BFF-49D0-9465-490498E69E08}.Release|Any CPU.Build.0 = Release|Any CPU
		{229214DA-A6C4-40C1-9C7D-1188289B85F4}.Debug|Any CPU.ActiveCfg = Debug|Any CPU
		{229214DA-A6C4-40C1-9C7D-1188289B85F4}.Debug|Any CPU.Build.0 = Debug|Any CPU
		{229214DA-A6C4-40C1-9C7D-1188289B85F4}.Release|Any CPU.ActiveCfg = Release|Any CPU
		{229214DA-A6C4-40C1-9C7D-1188289B85F4}.Release|Any CPU.Build.0 = Release|Any CPU
		{3FA44D1F-8B9E-4D52-BB12-DAE9C6B2C513}.Debug|Any CPU.ActiveCfg = Debug|Any CPU
		{3FA44D1F-8B9E-4D52-BB12-DAE9C6B2C513}.Debug|Any CPU.Build.0 = Debug|Any CPU
		{3FA44D1F-8B9E-4D52-BB12-DAE9C6B2C513}.Release|Any CPU.ActiveCfg = Release|Any CPU
		{3FA44D1F-8B9E-4D52-BB12-DAE9C6B2C513}.Release|Any CPU.Build.0 = Release|Any CPU
		{758D99A1-953F-4F38-9DE7-18F48BC2B312}.Debug|Any CPU.ActiveCfg = Debug|Any CPU
		{758D99A1-953F-4F38-9DE7-18F48BC2B312}.Debug|Any CPU.Build.0 = Debug|Any CPU
		{758D99A1-953F-4F38-9DE7-18F48BC2B312}.Release|Any CPU.ActiveCfg = Release|Any CPU
		{758D99A1-953F-4F38-9DE7-18F48BC2B312}.Release|Any CPU.Build.0 = Release|Any CPU
		{41875D6B-6E9C-46DA-88A9-A9AC32BD328F}.Debug|Any CPU.ActiveCfg = Debug|Any CPU
		{41875D6B-6E9C-46DA-88A9-A9AC32BD328F}.Debug|Any CPU.Build.0 = Debug|Any CPU
		{41875D6B-6E9C-46DA-88A9-A9AC32BD328F}.Release|Any CPU.ActiveCfg = Release|Any CPU
		{41875D6B-6E9C-46DA-88A9-A9AC32BD328F}.Release|Any CPU.Build.0 = Release|Any CPU
		{29721588-BE4C-40A0-B34F-B864476128D8}.Debug|Any CPU.ActiveCfg = Debug|Any CPU
		{29721588-BE4C-40A0-B34F-B864476128D8}.Debug|Any CPU.Build.0 = Debug|Any CPU
		{29721588-BE4C-40A0-B34F-B864476128D8}.Release|Any CPU.ActiveCfg = Release|Any CPU
		{29721588-BE4C-40A0-B34F-B864476128D8}.Release|Any CPU.Build.0 = Release|Any CPU
		{042F7B35-C5E7-47E8-AD24-A0AE455A7DFE}.Debug|Any CPU.ActiveCfg = Debug|Any CPU
		{042F7B35-C5E7-47E8-AD24-A0AE455A7DFE}.Debug|Any CPU.Build.0 = Debug|Any CPU
		{042F7B35-C5E7-47E8-AD24-A0AE455A7DFE}.Release|Any CPU.ActiveCfg = Release|Any CPU
		{042F7B35-C5E7-47E8-AD24-A0AE455A7DFE}.Release|Any CPU.Build.0 = Release|Any CPU
		{D2EC1A5E-6746-4F33-8E25-6672F3B80419}.Debug|Any CPU.ActiveCfg = Debug|Any CPU
		{D2EC1A5E-6746-4F33-8E25-6672F3B80419}.Debug|Any CPU.Build.0 = Debug|Any CPU
		{D2EC1A5E-6746-4F33-8E25-6672F3B80419}.Release|Any CPU.ActiveCfg = Release|Any CPU
		{D2EC1A5E-6746-4F33-8E25-6672F3B80419}.Release|Any CPU.Build.0 = Release|Any CPU
		{06C65944-DE93-415D-8F90-198E62ADE12C}.Debug|Any CPU.ActiveCfg = Debug|Any CPU
		{06C65944-DE93-415D-8F90-198E62ADE12C}.Debug|Any CPU.Build.0 = Debug|Any CPU
		{06C65944-DE93-415D-8F90-198E62ADE12C}.Release|Any CPU.ActiveCfg = Release|Any CPU
		{06C65944-DE93-415D-8F90-198E62ADE12C}.Release|Any CPU.Build.0 = Release|Any CPU
		{511279BB-698F-4B8B-8D6B-1B3A96757492}.Debug|Any CPU.ActiveCfg = Debug|Any CPU
		{511279BB-698F-4B8B-8D6B-1B3A96757492}.Debug|Any CPU.Build.0 = Debug|Any CPU
		{511279BB-698F-4B8B-8D6B-1B3A96757492}.Release|Any CPU.ActiveCfg = Release|Any CPU
		{511279BB-698F-4B8B-8D6B-1B3A96757492}.Release|Any CPU.Build.0 = Release|Any CPU
		{25FAC5A6-76BC-441C-BA32-2A45E3DF1106}.Debug|Any CPU.ActiveCfg = Debug|Any CPU
		{25FAC5A6-76BC-441C-BA32-2A45E3DF1106}.Debug|Any CPU.Build.0 = Debug|Any CPU
		{25FAC5A6-76BC-441C-BA32-2A45E3DF1106}.Release|Any CPU.ActiveCfg = Release|Any CPU
		{25FAC5A6-76BC-441C-BA32-2A45E3DF1106}.Release|Any CPU.Build.0 = Release|Any CPU
		{B6BA4BC0-8F13-404B-993A-093F6830D339}.Debug|Any CPU.ActiveCfg = Debug|Any CPU
		{B6BA4BC0-8F13-404B-993A-093F6830D339}.Debug|Any CPU.Build.0 = Debug|Any CPU
		{B6BA4BC0-8F13-404B-993A-093F6830D339}.Release|Any CPU.ActiveCfg = Release|Any CPU
		{B6BA4BC0-8F13-404B-993A-093F6830D339}.Release|Any CPU.Build.0 = Release|Any CPU
		{979357E9-F18E-4DEA-9E86-4DD9C5CB99AA}.Debug|Any CPU.ActiveCfg = Debug|Any CPU
		{979357E9-F18E-4DEA-9E86-4DD9C5CB99AA}.Debug|Any CPU.Build.0 = Debug|Any CPU
		{979357E9-F18E-4DEA-9E86-4DD9C5CB99AA}.Release|Any CPU.ActiveCfg = Release|Any CPU
		{979357E9-F18E-4DEA-9E86-4DD9C5CB99AA}.Release|Any CPU.Build.0 = Release|Any CPU
		{788FDD6D-79DF-4F5B-879E-BB11F920A1AB}.Debug|Any CPU.ActiveCfg = Debug|Any CPU
		{788FDD6D-79DF-4F5B-879E-BB11F920A1AB}.Debug|Any CPU.Build.0 = Debug|Any CPU
		{788FDD6D-79DF-4F5B-879E-BB11F920A1AB}.Release|Any CPU.ActiveCfg = Release|Any CPU
		{788FDD6D-79DF-4F5B-879E-BB11F920A1AB}.Release|Any CPU.Build.0 = Release|Any CPU
		{F4F5D5C0-BDA9-4CDB-B8C8-290EFFE60D65}.Debug|Any CPU.ActiveCfg = Debug|Any CPU
		{F4F5D5C0-BDA9-4CDB-B8C8-290EFFE60D65}.Debug|Any CPU.Build.0 = Debug|Any CPU
		{F4F5D5C0-BDA9-4CDB-B8C8-290EFFE60D65}.Release|Any CPU.ActiveCfg = Release|Any CPU
		{F4F5D5C0-BDA9-4CDB-B8C8-290EFFE60D65}.Release|Any CPU.Build.0 = Release|Any CPU
		{47DB627E-2A45-4749-8378-FB723C792217}.Debug|Any CPU.ActiveCfg = Debug|Any CPU
		{47DB627E-2A45-4749-8378-FB723C792217}.Debug|Any CPU.Build.0 = Debug|Any CPU
		{47DB627E-2A45-4749-8378-FB723C792217}.Release|Any CPU.ActiveCfg = Release|Any CPU
		{47DB627E-2A45-4749-8378-FB723C792217}.Release|Any CPU.Build.0 = Release|Any CPU
		{DAED6893-9616-4D83-B3B5-68DF07ECF28E}.Debug|Any CPU.ActiveCfg = Debug|Any CPU
		{DAED6893-9616-4D83-B3B5-68DF07ECF28E}.Debug|Any CPU.Build.0 = Debug|Any CPU
		{DAED6893-9616-4D83-B3B5-68DF07ECF28E}.Release|Any CPU.ActiveCfg = Release|Any CPU
		{DAED6893-9616-4D83-B3B5-68DF07ECF28E}.Release|Any CPU.Build.0 = Release|Any CPU
		{E518A090-7DED-459B-A1B6-E86595AAD857}.Debug|Any CPU.ActiveCfg = Debug|Any CPU
		{E518A090-7DED-459B-A1B6-E86595AAD857}.Debug|Any CPU.Build.0 = Debug|Any CPU
		{E518A090-7DED-459B-A1B6-E86595AAD857}.Release|Any CPU.ActiveCfg = Release|Any CPU
		{E518A090-7DED-459B-A1B6-E86595AAD857}.Release|Any CPU.Build.0 = Release|Any CPU
	EndGlobalSection
	GlobalSection(SolutionProperties) = preSolution
		HideSolutionNode = FALSE
	EndGlobalSection
	GlobalSection(NestedProjects) = preSolution
		{76F9CF46-6695-4C09-963B-8F90CEDFAA01} = {14625145-6100-4880-9134-CF02849D87AA}
		{FB53299D-F1E3-4134-BB10-265CDD426CC1} = {0D1941C5-90D6-4E4C-8401-EEBA40B5ED59}
		{728537C3-B1DF-49C1-ACBC-5FCE06CA75BA} = {32659F3D-0F20-4421-B9E7-46F048E80EF2}
		{695CA484-AA4D-4600-A73D-6FCD2DC34C26} = {32659F3D-0F20-4421-B9E7-46F048E80EF2}
		{99E673CD-4973-4D7E-9055-3ACBDD578F43} = {32659F3D-0F20-4421-B9E7-46F048E80EF2}
		{23B55CF5-460A-4F61-BDEF-AF16C2C06194} = {399FE3A8-7FCC-4043-8ED9-B1E53293EF4A}
		{41CBE53B-56E8-4D07-BE81-F054A4F9AF79} = {23B55CF5-460A-4F61-BDEF-AF16C2C06194}
		{C4B9ED7F-1437-4C5C-8BCE-DF99496A297C} = {23B55CF5-460A-4F61-BDEF-AF16C2C06194}
		{05A6A85F-B31D-4AE8-BB01-ABA8107B455B} = {23B55CF5-460A-4F61-BDEF-AF16C2C06194}
		{F4CC4970-C37B-4120-9C03-D876BB4BE09E} = {23B55CF5-460A-4F61-BDEF-AF16C2C06194}
		{5D7D9BE5-6E9D-4DDC-8687-D312FF47C548} = {23B55CF5-460A-4F61-BDEF-AF16C2C06194}
		{8C9CB213-8BD4-4FAD-AD6C-655B7079E032} = {23B55CF5-460A-4F61-BDEF-AF16C2C06194}
		{09593975-349C-4C31-ACA4-3EE83B4CF26F} = {23B55CF5-460A-4F61-BDEF-AF16C2C06194}
		{50BE4F4D-DD4F-4618-8B7D-169AC7B32645} = {23B55CF5-460A-4F61-BDEF-AF16C2C06194}
		{9586919A-9F29-4665-B4AF-2BA09248224B} = {23B55CF5-460A-4F61-BDEF-AF16C2C06194}
		{14FE5347-44F6-4201-B18A-88A3E51BCA6B} = {9586919A-9F29-4665-B4AF-2BA09248224B}
		{6A7839B1-E486-47BF-B582-AA7C2D2B381B} = {9C821EAC-8CE3-4F81-9331-DE52A4E970C8}
		{DF423118-9A24-4A3F-A562-87A7B2E59F36} = {452CC7DB-A2A7-402B-B0C5-6FF6EB5D5695}
		{2B02971F-49C6-4758-99A8-8E7861ACE47E} = {09C54502-7CA9-45EC-AB37-6B535FD45309}
		{034D9687-3753-404B-A0D4-D846A8245A19} = {502908CE-5105-44FF-9120-058207E35BF1}
		{29802783-7915-41C6-8033-4C1DE562C02D} = {034D9687-3753-404B-A0D4-D846A8245A19}
		{22108689-B27E-477A-B9F7-3221F56CDC86} = {034D9687-3753-404B-A0D4-D846A8245A19}
		{2A08AE15-0BEA-418D-AD20-935EB93481DF} = {034D9687-3753-404B-A0D4-D846A8245A19}
		{C0345E3F-9CB7-4370-A927-84D6CFCE902C} = {0D1941C5-90D6-4E4C-8401-EEBA40B5ED59}
		{A4722EBC-6993-40AB-BC5D-AD747D068049} = {0D1941C5-90D6-4E4C-8401-EEBA40B5ED59}
		{EC3985F5-FFB4-463E-BADC-7E6EEC30EFA8} = {F1A36551-5F54-4BE7-92F5-DD47BDE92F89}
		{9132807F-8779-4A8C-BF78-B1A6A6DB7B19} = {9C821EAC-8CE3-4F81-9331-DE52A4E970C8}
		{529B6737-1852-4012-B267-CCC060E59D3D} = {C56C3D59-2944-4425-88DC-36D92B0C08F1}
		{297B495D-35DE-4521-A14C-2023262692BE} = {C56C3D59-2944-4425-88DC-36D92B0C08F1}
		{83725185-AA77-4AF2-82EA-A9001B0CB154} = {9C821EAC-8CE3-4F81-9331-DE52A4E970C8}
		{53A83928-27FA-4FFF-B6E1-A8D88DE5ACD6} = {9C821EAC-8CE3-4F81-9331-DE52A4E970C8}
		{62528E57-EA3B-4A35-889C-888BE1A047EF} = {9C821EAC-8CE3-4F81-9331-DE52A4E970C8}
		{040E15DE-5BFF-49D0-9465-490498E69E08} = {9C821EAC-8CE3-4F81-9331-DE52A4E970C8}
		{229214DA-A6C4-40C1-9C7D-1188289B85F4} = {C56C3D59-2944-4425-88DC-36D92B0C08F1}
		{C56C3D59-2944-4425-88DC-36D92B0C08F1} = {9C821EAC-8CE3-4F81-9331-DE52A4E970C8}
		{3FA44D1F-8B9E-4D52-BB12-DAE9C6B2C513} = {C56C3D59-2944-4425-88DC-36D92B0C08F1}
		{758D99A1-953F-4F38-9DE7-18F48BC2B312} = {C56C3D59-2944-4425-88DC-36D92B0C08F1}
		{41875D6B-6E9C-46DA-88A9-A9AC32BD328F} = {C56C3D59-2944-4425-88DC-36D92B0C08F1}
		{29721588-BE4C-40A0-B34F-B864476128D8} = {09C54502-7CA9-45EC-AB37-6B535FD45309}
		{042F7B35-C5E7-47E8-AD24-A0AE455A7DFE} = {09C54502-7CA9-45EC-AB37-6B535FD45309}
		{16E69764-5012-401F-B424-3D5BAEFBD217} = {399FE3A8-7FCC-4043-8ED9-B1E53293EF4A}
		{5838DAA3-1AE7-4C52-9E85-E7C9C0AA9018} = {16E69764-5012-401F-B424-3D5BAEFBD217}
		{D2EC1A5E-6746-4F33-8E25-6672F3B80419} = {5838DAA3-1AE7-4C52-9E85-E7C9C0AA9018}
		{476D9796-30A7-4114-9C78-07E9D6A52389} = {16E69764-5012-401F-B424-3D5BAEFBD217}
		{06C65944-DE93-415D-8F90-198E62ADE12C} = {476D9796-30A7-4114-9C78-07E9D6A52389}
		{FDE2A30D-D97A-45EC-862B-69FE06E158A2} = {16E69764-5012-401F-B424-3D5BAEFBD217}
		{511279BB-698F-4B8B-8D6B-1B3A96757492} = {FDE2A30D-D97A-45EC-862B-69FE06E158A2}
		{C5B2B317-DCE4-4FAF-BB13-9D3C5A9138A9} = {16E69764-5012-401F-B424-3D5BAEFBD217}
		{25FAC5A6-76BC-441C-BA32-2A45E3DF1106} = {C5B2B317-DCE4-4FAF-BB13-9D3C5A9138A9}
		{78C43148-499D-41A5-9B54-912A8A2CCCF0} = {16E69764-5012-401F-B424-3D5BAEFBD217}
		{B6BA4BC0-8F13-404B-993A-093F6830D339} = {78C43148-499D-41A5-9B54-912A8A2CCCF0}
		{55D578BD-1FC0-44C3-ADD5-6549A411F6ED} = {16E69764-5012-401F-B424-3D5BAEFBD217}
		{979357E9-F18E-4DEA-9E86-4DD9C5CB99AA} = {55D578BD-1FC0-44C3-ADD5-6549A411F6ED}
		{EB95DE29-45BC-4BA1-9CBE-76B0FFF88760} = {14625145-6100-4880-9134-CF02849D87AA}
		{A63360AC-7EE2-4CEF-8CDE-114268B5905B} = {14625145-6100-4880-9134-CF02849D87AA}
		{502908CE-5105-44FF-9120-058207E35BF1} = {14625145-6100-4880-9134-CF02849D87AA}
		{0327195C-9C42-44FC-9C5F-8C5D9FD76476} = {14625145-6100-4880-9134-CF02849D87AA}
		{A796093A-405E-47E5-9901-7615A5F759BD} = {14625145-6100-4880-9134-CF02849D87AA}
		{54785496-870F-4BBE-9657-AFCC9D890ABA} = {14625145-6100-4880-9134-CF02849D87AA}
		{788FDD6D-79DF-4F5B-879E-BB11F920A1AB} = {09C54502-7CA9-45EC-AB37-6B535FD45309}
		{9D960226-925E-49DE-888F-8429B7AB6195} = {EB95DE29-45BC-4BA1-9CBE-76B0FFF88760}
		{F1A36551-5F54-4BE7-92F5-DD47BDE92F89} = {EB95DE29-45BC-4BA1-9CBE-76B0FFF88760}
		{5F98C070-F7EF-409E-BBCA-4A3B0950BE07} = {A796093A-405E-47E5-9901-7615A5F759BD}
		{452CC7DB-A2A7-402B-B0C5-6FF6EB5D5695} = {A796093A-405E-47E5-9901-7615A5F759BD}
		{E1B98F24-956C-4F5D-8028-B476ECC0D416} = {A63360AC-7EE2-4CEF-8CDE-114268B5905B}
		{09C54502-7CA9-45EC-AB37-6B535FD45309} = {A63360AC-7EE2-4CEF-8CDE-114268B5905B}
		{22B3854A-F238-41DA-9E38-6F5DD12D6790} = {502908CE-5105-44FF-9120-058207E35BF1}
		{511CE6C8-BC73-4873-A4E3-7B10392DA1A0} = {14625145-6100-4880-9134-CF02849D87AA}
		{F4F5D5C0-BDA9-4CDB-B8C8-290EFFE60D65} = {C3833343-B55C-486E-983E-C34F48011348}
		{47DB627E-2A45-4749-8378-FB723C792217} = {C3833343-B55C-486E-983E-C34F48011348}
		{C3833343-B55C-486E-983E-C34F48011348} = {0D1941C5-90D6-4E4C-8401-EEBA40B5ED59}
		{DAED6893-9616-4D83-B3B5-68DF07ECF28E} = {0D1941C5-90D6-4E4C-8401-EEBA40B5ED59}
		{BA5F734A-CFF2-45E1-AE48-370F2B234C86} = {F75C0CD6-FDBA-4ABE-903A-CB37BB01439E}
		{C7C7FC0B-C792-4D6D-AC99-626D2626B5D8} = {F75C0CD6-FDBA-4ABE-903A-CB37BB01439E}
		{E518A090-7DED-459B-A1B6-E86595AAD857} = {BA5F734A-CFF2-45E1-AE48-370F2B234C86}
	EndGlobalSection
EndGlobal
