
Microsoft Visual Studio Solution File, Format Version 12.00
# Visual Studio 14
VisualStudioVersion = 14.0.25123.0
MinimumVisualStudioVersion = 10.0.40219.1
Project("{2150E333-8FDC-42A3-9474-1A3956D46DE8}") = "src", "src", "{76F9CF46-6695-4C09-963B-8F90CEDFAA01}"
EndProject
Project("{2150E333-8FDC-42A3-9474-1A3956D46DE8}") = "Solution Items", "Solution Items", "{8CCA105B-00ED-4AD9-A73C-4A25FA54337C}"
	ProjectSection(SolutionItems) = preProject
		global.json = global.json
		learning source.txt = learning source.txt
	EndProjectSection
EndProject
Project("{8BB2217D-0F2D-49D1-97BC-3654ED321F3B}") = "ConsoleApp", "src\ConsoleApp\ConsoleApp.xproj", "{CFCC86F0-C79D-4FA2-93BE-87E03FDF1083}"
EndProject
Project("{2150E333-8FDC-42A3-9474-1A3956D46DE8}") = "DDD", "DDD", "{B68AFEB4-1FE3-4219-8A48-C0D5834B96B3}"
EndProject
Project("{2150E333-8FDC-42A3-9474-1A3956D46DE8}") = "NetCore", "NetCore", "{2C523FE6-82FB-4D98-BA62-3B2A96A96080}"
EndProject
Project("{2150E333-8FDC-42A3-9474-1A3956D46DE8}") = "NetFramework", "NetFramework", "{EB0203A6-207D-4BD4-A017-CF7156924F1C}"
EndProject
Project("{2150E333-8FDC-42A3-9474-1A3956D46DE8}") = "DDD2", "DDD2", "{D6333AB6-7805-43EC-AE95-A167F2570941}"
EndProject
Project("{FAE04EC0-301F-11D3-BF4B-00C04F79EFBC}") = "Infrastructure", "DDD2\Infrastructure\Infrastructure.csproj", "{8B54220C-DA6E-4165-A481-D3B7DCD8B313}"
EndProject
Project("{8BB2217D-0F2D-49D1-97BC-3654ED321F3B}") = "WebApp", "NetCore\WebApp\WebApp.xproj", "{B397E98F-1B57-4427-A048-1405C116EDAA}"
EndProject
Project("{FAE04EC0-301F-11D3-BF4B-00C04F79EFBC}") = "Application.Services", "NetFramework\Application.Services\Application.Services.csproj", "{6F14DA4A-A1AD-4BE4-A774-347A1ABE82D2}"
EndProject
Project("{FAE04EC0-301F-11D3-BF4B-00C04F79EFBC}") = "Domains", "NetFramework\Domains\Domains.csproj", "{E302441C-C969-4AB8-B6C6-8E6A9E152891}"
EndProject
Project("{FAE04EC0-301F-11D3-BF4B-00C04F79EFBC}") = "Infrastructure", "NetFramework\Infrastructure\Infrastructure.csproj", "{FFD1449D-9027-4544-BE59-044F11A301E4}"
EndProject
Project("{FAE04EC0-301F-11D3-BF4B-00C04F79EFBC}") = "Util.Data", "NetFramework\Util\Util.Data.csproj", "{F63317E4-CEE5-4E3F-A14E-30F16F9D8AB8}"
EndProject
Project("{FAE04EC0-301F-11D3-BF4B-00C04F79EFBC}") = "Util.Common", "NetFramework\Util.Common\Util.Common.csproj", "{34DDA1E6-AD93-4249-8A06-E17A6FF0D3CB}"
EndProject
Project("{FAE04EC0-301F-11D3-BF4B-00C04F79EFBC}") = "Util.Domain", "NetFramework\Util.Domain\Util.Domain.csproj", "{0B65FDE8-D3B6-480D-ABA1-BCD581D5397C}"
EndProject
Project("{2150E333-8FDC-42A3-9474-1A3956D46DE8}") = "Doc", "Doc", "{297203DC-1AF4-4F0D-85D1-EC4FADEDE284}"
EndProject
Project("{FAE04EC0-301F-11D3-BF4B-00C04F79EFBC}") = "Docs", "Docs\Docs.csproj", "{67FA23B5-C291-4881-BE26-A24CC2496540}"
EndProject
Global
	GlobalSection(SolutionConfigurationPlatforms) = preSolution
		Debug|Any CPU = Debug|Any CPU
		Release|Any CPU = Release|Any CPU
	EndGlobalSection
	GlobalSection(ProjectConfigurationPlatforms) = postSolution
		{CFCC86F0-C79D-4FA2-93BE-87E03FDF1083}.Debug|Any CPU.ActiveCfg = Debug|Any CPU
		{CFCC86F0-C79D-4FA2-93BE-87E03FDF1083}.Debug|Any CPU.Build.0 = Debug|Any CPU
		{CFCC86F0-C79D-4FA2-93BE-87E03FDF1083}.Release|Any CPU.ActiveCfg = Release|Any CPU
		{CFCC86F0-C79D-4FA2-93BE-87E03FDF1083}.Release|Any CPU.Build.0 = Release|Any CPU
		{8B54220C-DA6E-4165-A481-D3B7DCD8B313}.Debug|Any CPU.ActiveCfg = Debug|Any CPU
		{8B54220C-DA6E-4165-A481-D3B7DCD8B313}.Debug|Any CPU.Build.0 = Debug|Any CPU
		{8B54220C-DA6E-4165-A481-D3B7DCD8B313}.Release|Any CPU.ActiveCfg = Release|Any CPU
		{8B54220C-DA6E-4165-A481-D3B7DCD8B313}.Release|Any CPU.Build.0 = Release|Any CPU
		{B397E98F-1B57-4427-A048-1405C116EDAA}.Debug|Any CPU.ActiveCfg = Debug|Any CPU
		{B397E98F-1B57-4427-A048-1405C116EDAA}.Debug|Any CPU.Build.0 = Debug|Any CPU
		{B397E98F-1B57-4427-A048-1405C116EDAA}.Release|Any CPU.ActiveCfg = Release|Any CPU
		{B397E98F-1B57-4427-A048-1405C116EDAA}.Release|Any CPU.Build.0 = Release|Any CPU
		{6F14DA4A-A1AD-4BE4-A774-347A1ABE82D2}.Debug|Any CPU.ActiveCfg = Debug|Any CPU
		{6F14DA4A-A1AD-4BE4-A774-347A1ABE82D2}.Debug|Any CPU.Build.0 = Debug|Any CPU
		{6F14DA4A-A1AD-4BE4-A774-347A1ABE82D2}.Release|Any CPU.ActiveCfg = Release|Any CPU
		{6F14DA4A-A1AD-4BE4-A774-347A1ABE82D2}.Release|Any CPU.Build.0 = Release|Any CPU
		{E302441C-C969-4AB8-B6C6-8E6A9E152891}.Debug|Any CPU.ActiveCfg = Debug|Any CPU
		{E302441C-C969-4AB8-B6C6-8E6A9E152891}.Debug|Any CPU.Build.0 = Debug|Any CPU
		{E302441C-C969-4AB8-B6C6-8E6A9E152891}.Release|Any CPU.ActiveCfg = Release|Any CPU
		{E302441C-C969-4AB8-B6C6-8E6A9E152891}.Release|Any CPU.Build.0 = Release|Any CPU
		{FFD1449D-9027-4544-BE59-044F11A301E4}.Debug|Any CPU.ActiveCfg = Debug|Any CPU
		{FFD1449D-9027-4544-BE59-044F11A301E4}.Debug|Any CPU.Build.0 = Debug|Any CPU
		{FFD1449D-9027-4544-BE59-044F11A301E4}.Release|Any CPU.ActiveCfg = Release|Any CPU
		{FFD1449D-9027-4544-BE59-044F11A301E4}.Release|Any CPU.Build.0 = Release|Any CPU
		{F63317E4-CEE5-4E3F-A14E-30F16F9D8AB8}.Debug|Any CPU.ActiveCfg = Debug|Any CPU
		{F63317E4-CEE5-4E3F-A14E-30F16F9D8AB8}.Debug|Any CPU.Build.0 = Debug|Any CPU
		{F63317E4-CEE5-4E3F-A14E-30F16F9D8AB8}.Release|Any CPU.ActiveCfg = Release|Any CPU
		{F63317E4-CEE5-4E3F-A14E-30F16F9D8AB8}.Release|Any CPU.Build.0 = Release|Any CPU
		{34DDA1E6-AD93-4249-8A06-E17A6FF0D3CB}.Debug|Any CPU.ActiveCfg = Debug|Any CPU
		{34DDA1E6-AD93-4249-8A06-E17A6FF0D3CB}.Debug|Any CPU.Build.0 = Debug|Any CPU
		{34DDA1E6-AD93-4249-8A06-E17A6FF0D3CB}.Release|Any CPU.ActiveCfg = Release|Any CPU
		{34DDA1E6-AD93-4249-8A06-E17A6FF0D3CB}.Release|Any CPU.Build.0 = Release|Any CPU
		{0B65FDE8-D3B6-480D-ABA1-BCD581D5397C}.Debug|Any CPU.ActiveCfg = Debug|Any CPU
		{0B65FDE8-D3B6-480D-ABA1-BCD581D5397C}.Debug|Any CPU.Build.0 = Debug|Any CPU
		{0B65FDE8-D3B6-480D-ABA1-BCD581D5397C}.Release|Any CPU.ActiveCfg = Release|Any CPU
		{0B65FDE8-D3B6-480D-ABA1-BCD581D5397C}.Release|Any CPU.Build.0 = Release|Any CPU
		{67FA23B5-C291-4881-BE26-A24CC2496540}.Debug|Any CPU.ActiveCfg = Debug|Any CPU
		{67FA23B5-C291-4881-BE26-A24CC2496540}.Debug|Any CPU.Build.0 = Debug|Any CPU
		{67FA23B5-C291-4881-BE26-A24CC2496540}.Release|Any CPU.ActiveCfg = Release|Any CPU
		{67FA23B5-C291-4881-BE26-A24CC2496540}.Release|Any CPU.Build.0 = Release|Any CPU
	EndGlobalSection
	GlobalSection(SolutionProperties) = preSolution
		HideSolutionNode = FALSE
	EndGlobalSection
	GlobalSection(NestedProjects) = preSolution
		{CFCC86F0-C79D-4FA2-93BE-87E03FDF1083} = {76F9CF46-6695-4C09-963B-8F90CEDFAA01}
		{2C523FE6-82FB-4D98-BA62-3B2A96A96080} = {B68AFEB4-1FE3-4219-8A48-C0D5834B96B3}
		{EB0203A6-207D-4BD4-A017-CF7156924F1C} = {B68AFEB4-1FE3-4219-8A48-C0D5834B96B3}
		{D6333AB6-7805-43EC-AE95-A167F2570941} = {B68AFEB4-1FE3-4219-8A48-C0D5834B96B3}
		{8B54220C-DA6E-4165-A481-D3B7DCD8B313} = {D6333AB6-7805-43EC-AE95-A167F2570941}
		{B397E98F-1B57-4427-A048-1405C116EDAA} = {2C523FE6-82FB-4D98-BA62-3B2A96A96080}
		{6F14DA4A-A1AD-4BE4-A774-347A1ABE82D2} = {EB0203A6-207D-4BD4-A017-CF7156924F1C}
		{E302441C-C969-4AB8-B6C6-8E6A9E152891} = {EB0203A6-207D-4BD4-A017-CF7156924F1C}
		{FFD1449D-9027-4544-BE59-044F11A301E4} = {EB0203A6-207D-4BD4-A017-CF7156924F1C}
		{F63317E4-CEE5-4E3F-A14E-30F16F9D8AB8} = {EB0203A6-207D-4BD4-A017-CF7156924F1C}
		{34DDA1E6-AD93-4249-8A06-E17A6FF0D3CB} = {EB0203A6-207D-4BD4-A017-CF7156924F1C}
		{0B65FDE8-D3B6-480D-ABA1-BCD581D5397C} = {EB0203A6-207D-4BD4-A017-CF7156924F1C}
		{297203DC-1AF4-4F0D-85D1-EC4FADEDE284} = {B68AFEB4-1FE3-4219-8A48-C0D5834B96B3}
		{67FA23B5-C291-4881-BE26-A24CC2496540} = {297203DC-1AF4-4F0D-85D1-EC4FADEDE284}
	EndGlobalSection
EndGlobal
